
Microsoft Visual Studio Solution File, Format Version 12.00
# Visual Studio 2013
VisualStudioVersion = 12.0.31101.0
MinimumVisualStudioVersion = 10.0.40219.1
Project("{E24C65DC-7377-472B-9ABA-BC803B73C61A}") = "http://localhost", "http://localhost", "{C7F5A5D6-EA7E-49F6-9E35-A57EA92A822F}"
	ProjectSection(WebsiteProperties) = preProject
		SccProjectName = "SAK"
		SccAuxPath = "SAK"
		SccLocalPath = "SAK"
		SccProvider = "SAK"
		UseIISExpress = "false"
		TargetFrameworkMoniker = ".NETFramework,Version%3Dv4.5.1"
		ProjectReferences = "{691e520a-fb93-4bd4-8419-ac9c07073c62}|MACBilling.dll;{cd680504-d342-414b-bf56-40d325d45a6d}|MACConstants.dll;{17481c9a-b3f9-4697-a095-8cf900449bb2}|MACEndUserVerification.dll;{8492d708-059a-4bc3-a700-f643266cb5ec}|MacOtp.dll;{dfb499a6-2457-47c2-895f-dcdf4218b10b}|MacRegistration.dll;{5d982c49-0a44-4771-aac6-ca6be4b19eb3}|MACSecurity.dll;{b3b3690a-987f-4ade-b243-9a44068914c1}|MACServices.dll;{059c466e-65f3-4d6f-bd60-b6fccc8ada0b}|TestLib.dll;{90BB8808-E091-463D-AAFD-5134183BDCF7}|MongoDB.Web.dll;"
		Debug.AspNetCompiler.VirtualPath = "/localhost"
		Debug.AspNetCompiler.PhysicalPath = "..\..\..\..\..\..\Development_OTP_System\MAC-OTP-System\Dev\R1.0\Website\"
		Debug.AspNetCompiler.TargetPath = "PrecompiledWeb\localhost\"
		Debug.AspNetCompiler.Updateable = "true"
		Debug.AspNetCompiler.ForceOverwrite = "true"
		Debug.AspNetCompiler.FixedNames = "false"
		Debug.AspNetCompiler.Debug = "True"
		Release.AspNetCompiler.VirtualPath = "/localhost"
		Release.AspNetCompiler.PhysicalPath = "..\..\..\..\..\..\Development_OTP_System\MAC-OTP-System\Dev\R1.0\Website\"
		Release.AspNetCompiler.TargetPath = "PrecompiledWeb\localhost\"
		Release.AspNetCompiler.Updateable = "true"
		Release.AspNetCompiler.ForceOverwrite = "true"
		Release.AspNetCompiler.FixedNames = "false"
		Release.AspNetCompiler.Debug = "False"
		SlnRelativePath = "..\..\..\..\..\..\Development_OTP_System\MAC-OTP-System\Dev\R1.0\Website\"
	EndProjectSection
EndProject
Project("{E24C65DC-7377-472B-9ABA-BC803B73C61A}") = "AdminServices", "http://localhost/MACServices/AdminServices", "{C120A214-FB11-4E02-8BC2-9F91C48FECFA}"
	ProjectSection(WebsiteProperties) = preProject
		SccProjectName = "SAK"
		SccAuxPath = "SAK"
		SccLocalPath = "SAK"
		SccProvider = "SAK"
		UseIISExpress = "false"
		TargetFrameworkMoniker = ".NETFramework,Version%3Dv4.5"
		ProjectReferences = "{cd680504-d342-414b-bf56-40d325d45a6d}|MACConstants.dll;{5d982c49-0a44-4771-aac6-ca6be4b19eb3}|MACSecurity.dll;{b3b3690a-987f-4ade-b243-9a44068914c1}|MACServices.dll;{691e520a-fb93-4bd4-8419-ac9c07073c62}|MACBilling.dll;{90BB8808-E091-463D-AAFD-5134183BDCF7}|MongoDB.Web.dll;"
		Debug.AspNetCompiler.VirtualPath = "/AdminServices"
		Debug.AspNetCompiler.PhysicalPath = "..\..\..\..\..\..\Development_OTP_System\MAC-OTP-System\Dev\R1.0\Website\MACServices\AdminServices\"
		Debug.AspNetCompiler.TargetPath = "PrecompiledWeb\AdminServices\"
		Debug.AspNetCompiler.Updateable = "true"
		Debug.AspNetCompiler.ForceOverwrite = "true"
		Debug.AspNetCompiler.FixedNames = "false"
		Debug.AspNetCompiler.Debug = "True"
		Release.AspNetCompiler.VirtualPath = "/AdminServices"
		Release.AspNetCompiler.PhysicalPath = "..\..\..\..\..\..\Development_OTP_System\MAC-OTP-System\Dev\R1.0\Website\MACServices\AdminServices\"
		Release.AspNetCompiler.TargetPath = "PrecompiledWeb\AdminServices\"
		Release.AspNetCompiler.Updateable = "true"
		Release.AspNetCompiler.ForceOverwrite = "true"
		Release.AspNetCompiler.FixedNames = "false"
		Release.AspNetCompiler.Debug = "False"
		SlnRelativePath = "..\..\..\..\..\..\Development_OTP_System\MAC-OTP-System\Dev\R1.0\Website\MACServices\AdminServices\"
	EndProjectSection
EndProject
Project("{E24C65DC-7377-472B-9ABA-BC803B73C61A}") = "Event", "http://localhost/MACServices/Event", "{AAB3E78C-9A69-490C-831A-CDA3BED14F82}"
	ProjectSection(WebsiteProperties) = preProject
		SccProjectName = "SAK"
		SccAuxPath = "SAK"
		SccLocalPath = "SAK"
		SccProvider = "SAK"
		UseIISExpress = "false"
		TargetFrameworkMoniker = ".NETFramework,Version%3Dv4.5"
		ProjectReferences = "{cd680504-d342-414b-bf56-40d325d45a6d}|MACConstants.dll;{b3b3690a-987f-4ade-b243-9a44068914c1}|MACServices.dll;{5D982C49-0A44-4771-AAC6-CA6BE4B19EB3}|MACSecurity.dll;"
		Debug.AspNetCompiler.VirtualPath = "/Event"
		Debug.AspNetCompiler.PhysicalPath = "..\..\..\..\..\..\Development_OTP_System\MAC-OTP-System\Dev\R1.0\Website\MACServices\Event\"
		Debug.AspNetCompiler.TargetPath = "PrecompiledWeb\Event\"
		Debug.AspNetCompiler.Updateable = "true"
		Debug.AspNetCompiler.ForceOverwrite = "true"
		Debug.AspNetCompiler.FixedNames = "false"
		Debug.AspNetCompiler.Debug = "True"
		Release.AspNetCompiler.VirtualPath = "/Event"
		Release.AspNetCompiler.PhysicalPath = "..\..\..\..\..\..\Development_OTP_System\MAC-OTP-System\Dev\R1.0\Website\MACServices\Event\"
		Release.AspNetCompiler.TargetPath = "PrecompiledWeb\Event\"
		Release.AspNetCompiler.Updateable = "true"
		Release.AspNetCompiler.ForceOverwrite = "true"
		Release.AspNetCompiler.FixedNames = "false"
		Release.AspNetCompiler.Debug = "False"
		SlnRelativePath = "..\..\..\..\..\..\Development_OTP_System\MAC-OTP-System\Dev\R1.0\Website\MACServices\Event\"
	EndProjectSection
EndProject
Project("{E24C65DC-7377-472B-9ABA-BC803B73C61A}") = "OAS", "http://localhost/MACServices/OAS", "{1440EB66-2759-499C-905A-2F08EDBFB39A}"
	ProjectSection(WebsiteProperties) = preProject
		SccProjectName = "SAK"
		SccAuxPath = "SAK"
		SccLocalPath = "SAK"
		SccProvider = "SAK"
		UseIISExpress = "false"
		TargetFrameworkMoniker = ".NETFramework,Version%3Dv4.5"
		ProjectReferences = "{cd680504-d342-414b-bf56-40d325d45a6d}|MACConstants.dll;{5d982c49-0a44-4771-aac6-ca6be4b19eb3}|MACSecurity.dll;{b3b3690a-987f-4ade-b243-9a44068914c1}|MACServices.dll;"
		Debug.AspNetCompiler.VirtualPath = "/OAS"
		Debug.AspNetCompiler.PhysicalPath = "..\..\..\..\..\..\Development_OTP_System\MAC-OTP-System\Dev\R1.0\Website\MACServices\OAS\"
		Debug.AspNetCompiler.TargetPath = "PrecompiledWeb\OAS\"
		Debug.AspNetCompiler.Updateable = "true"
		Debug.AspNetCompiler.ForceOverwrite = "true"
		Debug.AspNetCompiler.FixedNames = "false"
		Debug.AspNetCompiler.Debug = "True"
		Release.AspNetCompiler.VirtualPath = "/OAS"
		Release.AspNetCompiler.PhysicalPath = "..\..\..\..\..\..\Development_OTP_System\MAC-OTP-System\Dev\R1.0\Website\MACServices\OAS\"
		Release.AspNetCompiler.TargetPath = "PrecompiledWeb\OAS\"
		Release.AspNetCompiler.Updateable = "true"
		Release.AspNetCompiler.ForceOverwrite = "true"
		Release.AspNetCompiler.FixedNames = "false"
		Release.AspNetCompiler.Debug = "False"
		SlnRelativePath = "..\..\..\..\..\..\Development_OTP_System\MAC-OTP-System\Dev\R1.0\Website\MACServices\OAS\"
	EndProjectSection
EndProject
Project("{E24C65DC-7377-472B-9ABA-BC803B73C61A}") = "OTP", "http://localhost/MACServices/OTP", "{58A544EB-9EA7-4A68-9EBE-C3194884D219}"
	ProjectSection(WebsiteProperties) = preProject
		SccProjectName = "SAK"
		SccAuxPath = "SAK"
		SccLocalPath = "SAK"
		SccProvider = "SAK"
		UseIISExpress = "false"
		TargetFrameworkMoniker = ".NETFramework,Version%3Dv4.5"
		ProjectReferences = "{cd680504-d342-414b-bf56-40d325d45a6d}|MACConstants.dll;{17481c9a-b3f9-4697-a095-8cf900449bb2}|MACEndUserVerification.dll;{B3B3690A-987F-4ADE-B243-9A44068914C1}|MACServices.dll;{5D982C49-0A44-4771-AAC6-CA6BE4B19EB3}|MACSecurity.dll;{8492d708-059a-4bc3-a700-f643266cb5ec}|MacOtp.dll;{dfb499a6-2457-47c2-895f-dcdf4218b10b}|MacRegistration.dll;{90bb8808-e091-463d-aafd-5134183bdcf7}|MongoDB.Web.dll;"
		Debug.AspNetCompiler.VirtualPath = "/OTP"
		Debug.AspNetCompiler.PhysicalPath = "..\..\..\..\..\..\Development_OTP_System\MAC-OTP-System\Dev\R1.0\Website\MACServices\OTP\"
		Debug.AspNetCompiler.TargetPath = "PrecompiledWeb\OTP\"
		Debug.AspNetCompiler.Updateable = "true"
		Debug.AspNetCompiler.ForceOverwrite = "true"
		Debug.AspNetCompiler.FixedNames = "false"
		Debug.AspNetCompiler.Debug = "True"
		Release.AspNetCompiler.VirtualPath = "/OTP"
		Release.AspNetCompiler.PhysicalPath = "..\..\..\..\..\..\Development_OTP_System\MAC-OTP-System\Dev\R1.0\Website\MACServices\OTP\"
		Release.AspNetCompiler.TargetPath = "PrecompiledWeb\OTP\"
		Release.AspNetCompiler.Updateable = "true"
		Release.AspNetCompiler.ForceOverwrite = "true"
		Release.AspNetCompiler.FixedNames = "false"
		Release.AspNetCompiler.Debug = "False"
		SlnRelativePath = "..\..\..\..\..\..\Development_OTP_System\MAC-OTP-System\Dev\R1.0\Website\MACServices\OTP\"
	EndProjectSection
EndProject
Project("{E24C65DC-7377-472B-9ABA-BC803B73C61A}") = "Test", "http://localhost/MACServices/Test", "{9C70BCFB-110B-4CD8-94C5-21CB10B326B1}"
	ProjectSection(WebsiteProperties) = preProject
		SccProjectName = "SAK"
		SccAuxPath = "SAK"
		SccLocalPath = "SAK"
		SccProvider = "SAK"
		UseIISExpress = "false"
		TargetFrameworkMoniker = ".NETFramework,Version%3Dv4.5"
		ProjectReferences = "{cd680504-d342-414b-bf56-40d325d45a6d}|MACConstants.dll;{5d982c49-0a44-4771-aac6-ca6be4b19eb3}|MACSecurity.dll;{b3b3690a-987f-4ade-b243-9a44068914c1}|MACServices.dll;{059c466e-65f3-4d6f-bd60-b6fccc8ada0b}|TestLib.dll;"
		Debug.AspNetCompiler.VirtualPath = "/Test"
		Debug.AspNetCompiler.PhysicalPath = "..\..\..\..\..\..\Development_OTP_System\MAC-OTP-System\Dev\R1.0\Website\MACServices\Test\"
		Debug.AspNetCompiler.TargetPath = "PrecompiledWeb\Test\"
		Debug.AspNetCompiler.Updateable = "true"
		Debug.AspNetCompiler.ForceOverwrite = "true"
		Debug.AspNetCompiler.FixedNames = "false"
		Debug.AspNetCompiler.Debug = "True"
		Release.AspNetCompiler.VirtualPath = "/Test"
		Release.AspNetCompiler.PhysicalPath = "..\..\..\..\..\..\Development_OTP_System\MAC-OTP-System\Dev\R1.0\Website\MACServices\Test\"
		Release.AspNetCompiler.TargetPath = "PrecompiledWeb\Test\"
		Release.AspNetCompiler.Updateable = "true"
		Release.AspNetCompiler.ForceOverwrite = "true"
		Release.AspNetCompiler.FixedNames = "false"
		Release.AspNetCompiler.Debug = "False"
		SlnRelativePath = "..\..\..\..\..\..\Development_OTP_System\MAC-OTP-System\Dev\R1.0\Website\MACServices\Test\"
	EndProjectSection
EndProject
Project("{E24C65DC-7377-472B-9ABA-BC803B73C61A}") = "User", "http://localhost/MACServices/User", "{75F6EAA8-0359-45C4-989A-C25DED5416D7}"
	ProjectSection(WebsiteProperties) = preProject
		SccProjectName = "SAK"
		SccAuxPath = "SAK"
		SccLocalPath = "SAK"
		SccProvider = "SAK"
		UseIISExpress = "false"
		TargetFrameworkMoniker = ".NETFramework,Version%3Dv4.5"
		ProjectReferences = "{cd680504-d342-414b-bf56-40d325d45a6d}|MACConstants.dll;{5d982c49-0a44-4771-aac6-ca6be4b19eb3}|MACSecurity.dll;{b3b3690a-987f-4ade-b243-9a44068914c1}|MACServices.dll;"
		Debug.AspNetCompiler.VirtualPath = "/User"
		Debug.AspNetCompiler.PhysicalPath = "..\..\..\..\..\..\Development_OTP_System\MAC-OTP-System\Dev\R1.0\Website\MACServices\User\"
		Debug.AspNetCompiler.TargetPath = "PrecompiledWeb\User\"
		Debug.AspNetCompiler.Updateable = "true"
		Debug.AspNetCompiler.ForceOverwrite = "true"
		Debug.AspNetCompiler.FixedNames = "false"
		Debug.AspNetCompiler.Debug = "True"
		Release.AspNetCompiler.VirtualPath = "/User"
		Release.AspNetCompiler.PhysicalPath = "..\..\..\..\..\..\Development_OTP_System\MAC-OTP-System\Dev\R1.0\Website\MACServices\User\"
		Release.AspNetCompiler.TargetPath = "PrecompiledWeb\User\"
		Release.AspNetCompiler.Updateable = "true"
		Release.AspNetCompiler.ForceOverwrite = "true"
		Release.AspNetCompiler.FixedNames = "false"
		Release.AspNetCompiler.Debug = "False"
		SlnRelativePath = "..\..\..\..\..\..\Development_OTP_System\MAC-OTP-System\Dev\R1.0\Website\MACServices\User\"
	EndProjectSection
EndProject
Project("{FAE04EC0-301F-11D3-BF4B-00C04F79EFBC}") = "MACServices", "..\..\..\..\..\..\Development_OTP_System\MAC-OTP-System\Dev\R1.0\Libraries\CoreDomain\MACServices.csproj", "{B3B3690A-987F-4ADE-B243-9A44068914C1}"
EndProject
Project("{FAE04EC0-301F-11D3-BF4B-00C04F79EFBC}") = "MACBilling", "..\..\..\..\..\..\Development_OTP_System\MAC-OTP-System\Dev\R1.0\Libraries\MACBilling\MACBilling\MACBilling.csproj", "{691E520A-FB93-4BD4-8419-AC9C07073C62}"
EndProject
Project("{FAE04EC0-301F-11D3-BF4B-00C04F79EFBC}") = "MACConstants", "..\..\..\..\..\..\Development_OTP_System\MAC-OTP-System\Dev\R1.0\Libraries\MACConstants\MACConstants\MACConstants.csproj", "{CD680504-D342-414B-BF56-40D325D45A6D}"
EndProject
Project("{FAE04EC0-301F-11D3-BF4B-00C04F79EFBC}") = "MACSecurity", "..\..\..\..\..\..\Development_OTP_System\MAC-OTP-System\Dev\R1.0\Libraries\MACSecurity\MACSecurity.csproj", "{5D982C49-0A44-4771-AAC6-CA6BE4B19EB3}"
EndProject
Project("{FAE04EC0-301F-11D3-BF4B-00C04F79EFBC}") = "MongoDB.Web", "..\..\..\..\..\..\Development_OTP_System\MAC-OTP-System\Dev\R1.0\Libraries\Providers\Data\MongoDB\MongoDB.Web.csproj", "{90BB8808-E091-463D-AAFD-5134183BDCF7}"
EndProject
Project("{FAE04EC0-301F-11D3-BF4B-00C04F79EFBC}") = "MACEndUserVerification", "..\..\..\..\..\..\Development_OTP_System\MAC-OTP-System\Dev\R1.0\Libraries\Providers\MACEndUserVerification\MACEndUserVerification.csproj", "{17481C9A-B3F9-4697-A095-8CF900449BB2}"
EndProject
Project("{FAE04EC0-301F-11D3-BF4B-00C04F79EFBC}") = "MACOTP", "..\..\..\..\..\..\Development_OTP_System\MAC-OTP-System\Dev\R1.0\Libraries\Providers\MACOTP\MACOTP.csproj", "{8492D708-059A-4BC3-A700-F643266CB5EC}"
EndProject
Project("{FAE04EC0-301F-11D3-BF4B-00C04F79EFBC}") = "MACRegistration", "..\..\..\..\..\..\Development_OTP_System\MAC-OTP-System\Dev\R1.0\Libraries\Providers\MACRegistration\MACRegistration.csproj", "{DFB499A6-2457-47C2-895F-DCDF4218B10B}"
EndProject
Project("{FAE04EC0-301F-11D3-BF4B-00C04F79EFBC}") = "TestLib", "..\..\..\..\..\..\Development_OTP_System\MAC-OTP-System\Dev\R1.0\Libraries\TestLib\TestLib\TestLib.csproj", "{059C466E-65F3-4D6F-BD60-B6FCCC8ADA0B}"
EndProject
Project("{E24C65DC-7377-472B-9ABA-BC803B73C61A}") = "Demos", "http://localhost/Demos", "{F174E611-3330-45F2-B91E-EC05C63E4C26}"
	ProjectSection(WebsiteProperties) = preProject
		SccProjectName = "SAK"
		SccAuxPath = "SAK"
		SccLocalPath = "SAK"
		SccProvider = "SAK"
		UseIISExpress = "false"
		TargetFrameworkMoniker = ".NETFramework,Version%3Dv4.5.1"
		ProjectReferences = "{8492d708-059a-4bc3-a700-f643266cb5ec}|MacOtp.dll;{CD680504-D342-414B-BF56-40D325D45A6D}|MACConstants.dll;{5D982C49-0A44-4771-AAC6-CA6BE4B19EB3}|MACSecurity.dll;{B3B3690A-987F-4ADE-B243-9A44068914C1}|MACServices.dll;{dfb499a6-2457-47c2-895f-dcdf4218b10b}|MacRegistration.dll;{059c466e-65f3-4d6f-bd60-b6fccc8ada0b}|TestLib.dll;"
		Debug.AspNetCompiler.VirtualPath = "/Demos"
		Debug.AspNetCompiler.PhysicalPath = "..\..\..\..\..\..\Development_OTP_System\MAC-OTP-System\Dev\R1.0\Demos\"
		Debug.AspNetCompiler.TargetPath = "PrecompiledWeb\Demos\"
		Debug.AspNetCompiler.Updateable = "true"
		Debug.AspNetCompiler.ForceOverwrite = "true"
		Debug.AspNetCompiler.FixedNames = "false"
		Debug.AspNetCompiler.Debug = "True"
		Release.AspNetCompiler.VirtualPath = "/Demos"
		Release.AspNetCompiler.PhysicalPath = "..\..\..\..\..\..\Development_OTP_System\MAC-OTP-System\Dev\R1.0\Demos\"
		Release.AspNetCompiler.TargetPath = "PrecompiledWeb\Demos\"
		Release.AspNetCompiler.Updateable = "true"
		Release.AspNetCompiler.ForceOverwrite = "true"
		Release.AspNetCompiler.FixedNames = "false"
		Release.AspNetCompiler.Debug = "False"
		SlnRelativePath = "..\..\..\..\..\..\Development_OTP_System\MAC-OTP-System\Dev\R1.0\Demos\"
	EndProjectSection
EndProject
Global
	GlobalSection(TeamFoundationVersionControl) = preSolution
		SccNumberOfProjects = 18
		SccEnterpriseProvider = {4CA58AB2-18FA-4F8D-95D4-32DDF27D184C}
		SccTeamFoundationServer = http://corp.mobileauthcorp.com:8080/tfs/defaultcollection
		SccLocalPath0 = .
		SccProjectUniqueName1 = ..\\..\\..\\..\\..\\..\\Development_OTP_System\\MAC-OTP-System\\Dev\\R1.0\\Libraries\\CoreDomain\\MACServices.csproj
		SccProjectName1 = ../../Libraries/CoreDomain
		SccLocalPath1 = ..\\..\\..\\..\\..\\..\\Development_OTP_System\\MAC-OTP-System\\Dev\\R1.0\\Libraries\\CoreDomain
		SccProjectUniqueName2 = ..\\..\\..\\..\\..\\..\\Development_OTP_System\\MAC-OTP-System\\Dev\\R1.0\\Libraries\\MACBilling\\MACBilling\\MACBilling.csproj
		SccProjectName2 = ../../Libraries/MACBilling/MACBilling
		SccLocalPath2 = ..\\..\\..\\..\\..\\..\\Development_OTP_System\\MAC-OTP-System\\Dev\\R1.0\\Libraries\\MACBilling\\MACBilling
		SccProjectUniqueName3 = ..\\..\\..\\..\\..\\..\\Development_OTP_System\\MAC-OTP-System\\Dev\\R1.0\\Libraries\\MACConstants\\MACConstants\\MACConstants.csproj
		SccProjectName3 = ../../Libraries/MACConstants/MACConstants
		SccLocalPath3 = ..\\..\\..\\..\\..\\..\\Development_OTP_System\\MAC-OTP-System\\Dev\\R1.0\\Libraries\\MACConstants\\MACConstants
		SccProjectUniqueName4 = ..\\..\\..\\..\\..\\..\\Development_OTP_System\\MAC-OTP-System\\Dev\\R1.0\\Libraries\\MACSecurity\\MACSecurity.csproj
		SccProjectName4 = ../../Libraries/MACSecurity
		SccLocalPath4 = ..\\..\\..\\..\\..\\..\\Development_OTP_System\\MAC-OTP-System\\Dev\\R1.0\\Libraries\\MACSecurity
		SccProjectUniqueName5 = ..\\..\\..\\..\\..\\..\\Development_OTP_System\\MAC-OTP-System\\Dev\\R1.0\\Libraries\\Providers\\Data\\MongoDB\\MongoDB.Web.csproj
		SccProjectName5 = ../../Libraries/Providers/Data/MongoDB
		SccLocalPath5 = ..\\..\\..\\..\\..\\..\\Development_OTP_System\\MAC-OTP-System\\Dev\\R1.0\\Libraries\\Providers\\Data\\MongoDB
		SccProjectUniqueName6 = ..\\..\\..\\..\\..\\..\\Development_OTP_System\\MAC-OTP-System\\Dev\\R1.0\\Libraries\\Providers\\MACEndUserVerification\\MACEndUserVerification.csproj
		SccProjectName6 = ../../Libraries/Providers/MACEndUserVerification
		SccLocalPath6 = ..\\..\\..\\..\\..\\..\\Development_OTP_System\\MAC-OTP-System\\Dev\\R1.0\\Libraries\\Providers\\MACEndUserVerification
		SccProjectUniqueName7 = ..\\..\\..\\..\\..\\..\\Development_OTP_System\\MAC-OTP-System\\Dev\\R1.0\\Libraries\\Providers\\MACOTP\\MACOTP.csproj
		SccProjectName7 = ../../Libraries/Providers/MACOTP
		SccLocalPath7 = ..\\..\\..\\..\\..\\..\\Development_OTP_System\\MAC-OTP-System\\Dev\\R1.0\\Libraries\\Providers\\MACOTP
		SccProjectUniqueName8 = ..\\..\\..\\..\\..\\..\\Development_OTP_System\\MAC-OTP-System\\Dev\\R1.0\\Libraries\\Providers\\MACRegistration\\MACRegistration.csproj
		SccProjectName8 = ../../Libraries/Providers/MACRegistration
		SccLocalPath8 = ..\\..\\..\\..\\..\\..\\Development_OTP_System\\MAC-OTP-System\\Dev\\R1.0\\Libraries\\Providers\\MACRegistration
		SccProjectUniqueName9 = ..\\..\\..\\..\\..\\..\\Development_OTP_System\\MAC-OTP-System\\Dev\\R1.0\\Libraries\\TestLib\\TestLib\\TestLib.csproj
		SccProjectName9 = ../../Libraries/TestLib/TestLib
		SccLocalPath9 = ..\\..\\..\\..\\..\\..\\Development_OTP_System\\MAC-OTP-System\\Dev\\R1.0\\Libraries\\TestLib\\TestLib
		SccWebProject10 = true
		SccProjectUniqueName10 = http://localhost
		SccProjectName10 = ../../Website
		SccLocalPath10 = ..\\..\\..\\..\\..\\..\\Development_OTP_System\\MAC-OTP-System\\Dev\\R1.0\\Website
		SccProjectEnlistmentChoice10 = 2
		SccWebProject11 = true
		SccProjectUniqueName11 = http://localhost/MACServices/AdminServices
		SccProjectName11 = ../../Website/MACServices/AdminServices
		SccLocalPath11 = ..\\..\\..\\..\\..\\..\\Development_OTP_System\\MAC-OTP-System\\Dev\\R1.0\\Website\\MACServices\\AdminServices
		SccProjectEnlistmentChoice11 = 2
		SccWebProject12 = true
		SccProjectUniqueName12 = http://localhost/MACServices/Event
		SccProjectName12 = ../../Website/MACServices/Event
		SccLocalPath12 = ..\\..\\..\\..\\..\\..\\Development_OTP_System\\MAC-OTP-System\\Dev\\R1.0\\Website\\MACServices\\Event
		SccProjectEnlistmentChoice12 = 2
		SccWebProject13 = true
		SccProjectUniqueName13 = http://localhost/MACServices/OAS
		SccProjectName13 = ../../Website/MACServices/OAS
		SccLocalPath13 = ..\\..\\..\\..\\..\\..\\Development_OTP_System\\MAC-OTP-System\\Dev\\R1.0\\Website\\MACServices\\OAS
		SccProjectEnlistmentChoice13 = 2
		SccWebProject14 = true
		SccProjectUniqueName14 = http://localhost/MACServices/OTP
		SccProjectName14 = ../../Website/MACServices/OTP
		SccLocalPath14 = ..\\..\\..\\..\\..\\..\\Development_OTP_System\\MAC-OTP-System\\Dev\\R1.0\\Website\\MACServices\\OTP
		SccProjectEnlistmentChoice14 = 2
		SccWebProject15 = true
		SccProjectUniqueName15 = http://localhost/MACServices/Test
		SccProjectName15 = ../../Website/MACServices/Test
		SccLocalPath15 = ..\\..\\..\\..\\..\\..\\Development_OTP_System\\MAC-OTP-System\\Dev\\R1.0\\Website\\MACServices\\Test
		SccProjectEnlistmentChoice15 = 2
		SccWebProject16 = true
		SccProjectUniqueName16 = http://localhost/MACServices/User
		SccProjectName16 = ../../Website/MACServices/User
		SccLocalPath16 = ..\\..\\..\\..\\..\\..\\Development_OTP_System\\MAC-OTP-System\\Dev\\R1.0\\Website\\MACServices\\User
		SccProjectEnlistmentChoice16 = 2
		SccWebProject17 = true
		SccProjectUniqueName17 = http://localhost/Demos
		SccProjectName17 = ../
		SccLocalPath17 = ..\\..\\..\\..\\..\\..\\Development_OTP_System\\MAC-OTP-System\\Dev\\R1.0\\Demos
		SccProjectEnlistmentChoice17 = 2
	EndGlobalSection
	GlobalSection(SolutionConfigurationPlatforms) = preSolution
		Debug|Any CPU = Debug|Any CPU
		Release|Any CPU = Release|Any CPU
	EndGlobalSection
	GlobalSection(ProjectConfigurationPlatforms) = postSolution
		{C7F5A5D6-EA7E-49F6-9E35-A57EA92A822F}.Debug|Any CPU.ActiveCfg = Debug|Any CPU
		{C7F5A5D6-EA7E-49F6-9E35-A57EA92A822F}.Debug|Any CPU.Build.0 = Debug|Any CPU
		{C7F5A5D6-EA7E-49F6-9E35-A57EA92A822F}.Release|Any CPU.ActiveCfg = Debug|Any CPU
		{C7F5A5D6-EA7E-49F6-9E35-A57EA92A822F}.Release|Any CPU.Build.0 = Debug|Any CPU
		{C120A214-FB11-4E02-8BC2-9F91C48FECFA}.Debug|Any CPU.ActiveCfg = Debug|Any CPU
		{C120A214-FB11-4E02-8BC2-9F91C48FECFA}.Debug|Any CPU.Build.0 = Debug|Any CPU
		{C120A214-FB11-4E02-8BC2-9F91C48FECFA}.Release|Any CPU.ActiveCfg = Debug|Any CPU
		{C120A214-FB11-4E02-8BC2-9F91C48FECFA}.Release|Any CPU.Build.0 = Debug|Any CPU
		{AAB3E78C-9A69-490C-831A-CDA3BED14F82}.Debug|Any CPU.ActiveCfg = Debug|Any CPU
		{AAB3E78C-9A69-490C-831A-CDA3BED14F82}.Debug|Any CPU.Build.0 = Debug|Any CPU
		{AAB3E78C-9A69-490C-831A-CDA3BED14F82}.Release|Any CPU.ActiveCfg = Debug|Any CPU
		{AAB3E78C-9A69-490C-831A-CDA3BED14F82}.Release|Any CPU.Build.0 = Debug|Any CPU
		{1440EB66-2759-499C-905A-2F08EDBFB39A}.Debug|Any CPU.ActiveCfg = Debug|Any CPU
		{1440EB66-2759-499C-905A-2F08EDBFB39A}.Debug|Any CPU.Build.0 = Debug|Any CPU
		{1440EB66-2759-499C-905A-2F08EDBFB39A}.Release|Any CPU.ActiveCfg = Debug|Any CPU
		{1440EB66-2759-499C-905A-2F08EDBFB39A}.Release|Any CPU.Build.0 = Debug|Any CPU
		{58A544EB-9EA7-4A68-9EBE-C3194884D219}.Debug|Any CPU.ActiveCfg = Debug|Any CPU
		{58A544EB-9EA7-4A68-9EBE-C3194884D219}.Debug|Any CPU.Build.0 = Debug|Any CPU
		{58A544EB-9EA7-4A68-9EBE-C3194884D219}.Release|Any CPU.ActiveCfg = Debug|Any CPU
		{58A544EB-9EA7-4A68-9EBE-C3194884D219}.Release|Any CPU.Build.0 = Debug|Any CPU
		{9C70BCFB-110B-4CD8-94C5-21CB10B326B1}.Debug|Any CPU.ActiveCfg = Debug|Any CPU
		{9C70BCFB-110B-4CD8-94C5-21CB10B326B1}.Debug|Any CPU.Build.0 = Debug|Any CPU
		{9C70BCFB-110B-4CD8-94C5-21CB10B326B1}.Release|Any CPU.ActiveCfg = Debug|Any CPU
		{9C70BCFB-110B-4CD8-94C5-21CB10B326B1}.Release|Any CPU.Build.0 = Debug|Any CPU
		{75F6EAA8-0359-45C4-989A-C25DED5416D7}.Debug|Any CPU.ActiveCfg = Debug|Any CPU
		{75F6EAA8-0359-45C4-989A-C25DED5416D7}.Debug|Any CPU.Build.0 = Debug|Any CPU
		{75F6EAA8-0359-45C4-989A-C25DED5416D7}.Release|Any CPU.ActiveCfg = Debug|Any CPU
		{75F6EAA8-0359-45C4-989A-C25DED5416D7}.Release|Any CPU.Build.0 = Debug|Any CPU
		{B3B3690A-987F-4ADE-B243-9A44068914C1}.Debug|Any CPU.ActiveCfg = Debug|Any CPU
		{B3B3690A-987F-4ADE-B243-9A44068914C1}.Debug|Any CPU.Build.0 = Debug|Any CPU
		{B3B3690A-987F-4ADE-B243-9A44068914C1}.Release|Any CPU.ActiveCfg = Release|Any CPU
		{B3B3690A-987F-4ADE-B243-9A44068914C1}.Release|Any CPU.Build.0 = Release|Any CPU
		{691E520A-FB93-4BD4-8419-AC9C07073C62}.Debug|Any CPU.ActiveCfg = Debug|Any CPU
		{691E520A-FB93-4BD4-8419-AC9C07073C62}.Debug|Any CPU.Build.0 = Debug|Any CPU
		{691E520A-FB93-4BD4-8419-AC9C07073C62}.Release|Any CPU.ActiveCfg = Release|Any CPU
		{691E520A-FB93-4BD4-8419-AC9C07073C62}.Release|Any CPU.Build.0 = Release|Any CPU
		{CD680504-D342-414B-BF56-40D325D45A6D}.Debug|Any CPU.ActiveCfg = Debug|Any CPU
		{CD680504-D342-414B-BF56-40D325D45A6D}.Debug|Any CPU.Build.0 = Debug|Any CPU
		{CD680504-D342-414B-BF56-40D325D45A6D}.Release|Any CPU.ActiveCfg = Release|Any CPU
		{CD680504-D342-414B-BF56-40D325D45A6D}.Release|Any CPU.Build.0 = Release|Any CPU
		{5D982C49-0A44-4771-AAC6-CA6BE4B19EB3}.Debug|Any CPU.ActiveCfg = Debug|Any CPU
		{5D982C49-0A44-4771-AAC6-CA6BE4B19EB3}.Debug|Any CPU.Build.0 = Debug|Any CPU
		{5D982C49-0A44-4771-AAC6-CA6BE4B19EB3}.Release|Any CPU.ActiveCfg = Release|Any CPU
		{5D982C49-0A44-4771-AAC6-CA6BE4B19EB3}.Release|Any CPU.Build.0 = Release|Any CPU
		{90BB8808-E091-463D-AAFD-5134183BDCF7}.Debug|Any CPU.ActiveCfg = Debug|Any CPU
		{90BB8808-E091-463D-AAFD-5134183BDCF7}.Debug|Any CPU.Build.0 = Debug|Any CPU
		{90BB8808-E091-463D-AAFD-5134183BDCF7}.Release|Any CPU.ActiveCfg = Release|Any CPU
		{90BB8808-E091-463D-AAFD-5134183BDCF7}.Release|Any CPU.Build.0 = Release|Any CPU
		{17481C9A-B3F9-4697-A095-8CF900449BB2}.Debug|Any CPU.ActiveCfg = Debug|Any CPU
		{17481C9A-B3F9-4697-A095-8CF900449BB2}.Debug|Any CPU.Build.0 = Debug|Any CPU
		{17481C9A-B3F9-4697-A095-8CF900449BB2}.Release|Any CPU.ActiveCfg = Release|Any CPU
		{17481C9A-B3F9-4697-A095-8CF900449BB2}.Release|Any CPU.Build.0 = Release|Any CPU
		{8492D708-059A-4BC3-A700-F643266CB5EC}.Debug|Any CPU.ActiveCfg = Debug|Any CPU
		{8492D708-059A-4BC3-A700-F643266CB5EC}.Debug|Any CPU.Build.0 = Debug|Any CPU
		{8492D708-059A-4BC3-A700-F643266CB5EC}.Release|Any CPU.ActiveCfg = Release|Any CPU
		{8492D708-059A-4BC3-A700-F643266CB5EC}.Release|Any CPU.Build.0 = Release|Any CPU
		{DFB499A6-2457-47C2-895F-DCDF4218B10B}.Debug|Any CPU.ActiveCfg = Debug|Any CPU
		{DFB499A6-2457-47C2-895F-DCDF4218B10B}.Debug|Any CPU.Build.0 = Debug|Any CPU
		{DFB499A6-2457-47C2-895F-DCDF4218B10B}.Release|Any CPU.ActiveCfg = Release|Any CPU
		{DFB499A6-2457-47C2-895F-DCDF4218B10B}.Release|Any CPU.Build.0 = Release|Any CPU
		{059C466E-65F3-4D6F-BD60-B6FCCC8ADA0B}.Debug|Any CPU.ActiveCfg = Debug|Any CPU
		{059C466E-65F3-4D6F-BD60-B6FCCC8ADA0B}.Debug|Any CPU.Build.0 = Debug|Any CPU
		{059C466E-65F3-4D6F-BD60-B6FCCC8ADA0B}.Release|Any CPU.ActiveCfg = Release|Any CPU
		{059C466E-65F3-4D6F-BD60-B6FCCC8ADA0B}.Release|Any CPU.Build.0 = Release|Any CPU
		{F174E611-3330-45F2-B91E-EC05C63E4C26}.Debug|Any CPU.ActiveCfg = Debug|Any CPU
		{F174E611-3330-45F2-B91E-EC05C63E4C26}.Debug|Any CPU.Build.0 = Debug|Any CPU
		{F174E611-3330-45F2-B91E-EC05C63E4C26}.Release|Any CPU.ActiveCfg = Debug|Any CPU
		{F174E611-3330-45F2-B91E-EC05C63E4C26}.Release|Any CPU.Build.0 = Debug|Any CPU
	EndGlobalSection
	GlobalSection(SolutionProperties) = preSolution
		HideSolutionNode = FALSE
	EndGlobalSection
EndGlobal
