
Microsoft Visual Studio Solution File, Format Version 12.00
# Visual Studio 2013
VisualStudioVersion = 12.0.21005.1
MinimumVisualStudioVersion = 10.0.40219.1
Project("{A0786B88-2ADB-4C21-ABE8-AA2D79766269}") = "BankDemo", "BankDemo\BankDemo.phpproj", "{9F6C98D6-A87D-4495-833A-40957CF32EF6}"
EndProject
Project("{A0786B88-2ADB-4C21-ABE8-AA2D79766269}") = "MerchantDemo", "MerchantDemo\MerchantDemo.phpproj", "{3FD996D6-9CE9-4829-BD73-9C8F79E78DD4}"
EndProject
Global
	GlobalSection(TeamFoundationVersionControl) = preSolution
		SccNumberOfProjects = 3
		SccEnterpriseProvider = {4CA58AB2-18FA-4F8D-95D4-32DDF27D184C}
		SccTeamFoundationServer = http://corp.mobileauthcorp.com:8080/tfs/defaultcollection
		SccLocalPath0 = .
		SccProjectUniqueName1 = BankDemo\\BankDemo.phpproj
		SccProjectName1 = BankDemo
		SccLocalPath1 = BankDemo
		SccProjectUniqueName2 = MerchantDemo\\MerchantDemo.phpproj
		SccProjectName2 = MerchantDemo
		SccLocalPath2 = MerchantDemo
	EndGlobalSection
	GlobalSection(SolutionConfigurationPlatforms) = preSolution
		Debug|Any CPU = Debug|Any CPU
		Release|Any CPU = Release|Any CPU
	EndGlobalSection
	GlobalSection(ProjectConfigurationPlatforms) = postSolution
		{9F6C98D6-A87D-4495-833A-40957CF32EF6}.Debug|Any CPU.ActiveCfg = Debug|Any CPU
		{9F6C98D6-A87D-4495-833A-40957CF32EF6}.Debug|Any CPU.Build.0 = Debug|Any CPU
		{9F6C98D6-A87D-4495-833A-40957CF32EF6}.Release|Any CPU.ActiveCfg = Release|Any CPU
		{9F6C98D6-A87D-4495-833A-40957CF32EF6}.Release|Any CPU.Build.0 = Release|Any CPU
		{3FD996D6-9CE9-4829-BD73-9C8F79E78DD4}.Debug|Any CPU.ActiveCfg = Debug|Any CPU
		{3FD996D6-9CE9-4829-BD73-9C8F79E78DD4}.Debug|Any CPU.Build.0 = Debug|Any CPU
		{3FD996D6-9CE9-4829-BD73-9C8F79E78DD4}.Release|Any CPU.ActiveCfg = Release|Any CPU
		{3FD996D6-9CE9-4829-BD73-9C8F79E78DD4}.Release|Any CPU.Build.0 = Release|Any CPU
	EndGlobalSection
	GlobalSection(SolutionProperties) = preSolution
		HideSolutionNode = FALSE
	EndGlobalSection
EndGlobal
