
Microsoft Visual Studio Solution File, Format Version 12.00
# Visual Studio 2013
VisualStudioVersion = 12.0.31101.0
MinimumVisualStudioVersion = 10.0.40219.1
Project("{E24C65DC-7377-472B-9ABA-BC803B73C61A}") = "http://localhost", "http://localhost", "{C7F5A5D6-EA7E-49F6-9E35-A57EA92A822F}"
	ProjectSection(WebsiteProperties) = preProject
		SccProjectName = "SAK"
		SccAuxPath = "SAK"
		SccLocalPath = "SAK"
		SccProvider = "SAK"
		UseIISExpress = "false"
		TargetFrameworkMoniker = ".NETFramework,Version%3Dv4.5.1"
		ProjectReferences = "{059c466e-65f3-4d6f-bd60-b6fccc8ada0b}|TestLib.dll;{691e520a-fb93-4bd4-8419-ac9c07073c62}|MACBilling.dll;{CD680504-D342-414B-BF56-40D325D45A6D}|MACConstants.dll;{5D982C49-0A44-4771-AAC6-CA6BE4B19EB3}|MACSecurity.dll;{B3B3690A-987F-4ADE-B243-9A44068914C1}|MACServices.dll;{90BB8808-E091-463D-AAFD-5134183BDCF7}|MongoDB.Web.dll;{dfb499a6-2457-47c2-895f-dcdf4218b10b}|MacRegistration.dll;{8492d708-059a-4bc3-a700-f643266cb5ec}|MacOtp.dll;{17481c9a-b3f9-4697-a095-8cf900449bb2}|MACEndUserVerification.dll;{402c06f9-3f9e-4e16-8db7-6cd7ee017ee6}|MACOperationalTestLib.dll;"
		Debug.AspNetCompiler.VirtualPath = "/localhost"
		Debug.AspNetCompiler.PhysicalPath = "D:\Development_OTP_System\MAC-OTP-System\Dev\R1.0\Website\"
		Debug.AspNetCompiler.TargetPath = "PrecompiledWeb\localhost\"
		Debug.AspNetCompiler.Updateable = "true"
		Debug.AspNetCompiler.ForceOverwrite = "true"
		Debug.AspNetCompiler.FixedNames = "false"
		Debug.AspNetCompiler.Debug = "True"
		Release.AspNetCompiler.VirtualPath = "/localhost"
		Release.AspNetCompiler.PhysicalPath = "D:\Development_OTP_System\MAC-OTP-System\Dev\R1.0\Website\"
		Release.AspNetCompiler.TargetPath = "PrecompiledWeb\localhost\"
		Release.AspNetCompiler.Updateable = "true"
		Release.AspNetCompiler.ForceOverwrite = "true"
		Release.AspNetCompiler.FixedNames = "false"
		Release.AspNetCompiler.Debug = "False"
		SlnRelativePath = "D:\Development_OTP_System\MAC-OTP-System\Dev\R1.0\Website\"
	EndProjectSection
EndProject
Project("{E24C65DC-7377-472B-9ABA-BC803B73C61A}") = "AdminServices", "http://localhost/MACServices/AdminServices", "{C120A214-FB11-4E02-8BC2-9F91C48FECFA}"
	ProjectSection(WebsiteProperties) = preProject
		SccProjectName = "SAK"
		SccAuxPath = "SAK"
		SccLocalPath = "SAK"
		SccProvider = "SAK"
		UseIISExpress = "false"
		TargetFrameworkMoniker = ".NETFramework,Version%3Dv4.5"
		ProjectReferences = "{691e520a-fb93-4bd4-8419-ac9c07073c62}|MACBilling.dll;{CD680504-D342-414B-BF56-40D325D45A6D}|MACConstants.dll;{5D982C49-0A44-4771-AAC6-CA6BE4B19EB3}|MACSecurity.dll;{B3B3690A-987F-4ADE-B243-9A44068914C1}|MACServices.dll;{90BB8808-E091-463D-AAFD-5134183BDCF7}|MongoDB.Web.dll;"
		Debug.AspNetCompiler.VirtualPath = "/AdminServices"
		Debug.AspNetCompiler.PhysicalPath = "D:\Development_OTP_System\MAC-OTP-System\Dev\R1.0\Website\MACServices\AdminServices\"
		Debug.AspNetCompiler.TargetPath = "PrecompiledWeb\AdminServices\"
		Debug.AspNetCompiler.Updateable = "true"
		Debug.AspNetCompiler.ForceOverwrite = "true"
		Debug.AspNetCompiler.FixedNames = "false"
		Debug.AspNetCompiler.Debug = "True"
		Release.AspNetCompiler.VirtualPath = "/AdminServices"
		Release.AspNetCompiler.PhysicalPath = "D:\Development_OTP_System\MAC-OTP-System\Dev\R1.0\Website\MACServices\AdminServices\"
		Release.AspNetCompiler.TargetPath = "PrecompiledWeb\AdminServices\"
		Release.AspNetCompiler.Updateable = "true"
		Release.AspNetCompiler.ForceOverwrite = "true"
		Release.AspNetCompiler.FixedNames = "false"
		Release.AspNetCompiler.Debug = "False"
		SlnRelativePath = "D:\Development_OTP_System\MAC-OTP-System\Dev\R1.0\Website\MACServices\AdminServices\"
	EndProjectSection
EndProject
Project("{E24C65DC-7377-472B-9ABA-BC803B73C61A}") = "Event", "http://localhost/MACServices/Event", "{AAB3E78C-9A69-490C-831A-CDA3BED14F82}"
	ProjectSection(WebsiteProperties) = preProject
		SccProjectName = "SAK"
		SccAuxPath = "SAK"
		SccLocalPath = "SAK"
		SccProvider = "SAK"
		UseIISExpress = "false"
		TargetFrameworkMoniker = ".NETFramework,Version%3Dv4.5"
		ProjectReferences = "{90bb8808-e091-463d-aafd-5134183bdcf7}|MongoDB.Web.dll;{CD680504-D342-414B-BF56-40D325D45A6D}|MACConstants.dll;{b3b3690a-987f-4ade-b243-9a44068914c1}|MACServices.dll;{5D982C49-0A44-4771-AAC6-CA6BE4B19EB3}|MACSecurity.dll;"
		Debug.AspNetCompiler.VirtualPath = "/Event"
		Debug.AspNetCompiler.PhysicalPath = "D:\Development_OTP_System\MAC-OTP-System\Dev\R1.0\Website\MACServices\Event\"
		Debug.AspNetCompiler.TargetPath = "PrecompiledWeb\Event\"
		Debug.AspNetCompiler.Updateable = "true"
		Debug.AspNetCompiler.ForceOverwrite = "true"
		Debug.AspNetCompiler.FixedNames = "false"
		Debug.AspNetCompiler.Debug = "True"
		Release.AspNetCompiler.VirtualPath = "/Event"
		Release.AspNetCompiler.PhysicalPath = "D:\Development_OTP_System\MAC-OTP-System\Dev\R1.0\Website\MACServices\Event\"
		Release.AspNetCompiler.TargetPath = "PrecompiledWeb\Event\"
		Release.AspNetCompiler.Updateable = "true"
		Release.AspNetCompiler.ForceOverwrite = "true"
		Release.AspNetCompiler.FixedNames = "false"
		Release.AspNetCompiler.Debug = "False"
		SlnRelativePath = "D:\Development_OTP_System\MAC-OTP-System\Dev\R1.0\Website\MACServices\Event\"
	EndProjectSection
EndProject
Project("{E24C65DC-7377-472B-9ABA-BC803B73C61A}") = "OAS", "http://localhost/MACServices/OAS", "{1440EB66-2759-499C-905A-2F08EDBFB39A}"
	ProjectSection(WebsiteProperties) = preProject
		SccProjectName = "SAK"
		SccAuxPath = "SAK"
		SccLocalPath = "SAK"
		SccProvider = "SAK"
		UseIISExpress = "false"
		TargetFrameworkMoniker = ".NETFramework,Version%3Dv4.5"
		ProjectReferences = "{b3b3690a-987f-4ade-b243-9a44068914c1}|MACServices.dll;{CD680504-D342-414B-BF56-40D325D45A6D}|MACConstants.dll;{5D982C49-0A44-4771-AAC6-CA6BE4B19EB3}|MACSecurity.dll;{90BB8808-E091-463D-AAFD-5134183BDCF7}|MongoDB.Web.dll;"
		Debug.AspNetCompiler.VirtualPath = "/OAS"
		Debug.AspNetCompiler.PhysicalPath = "D:\Development_OTP_System\MAC-OTP-System\Dev\R1.0\Website\MACServices\OAS\"
		Debug.AspNetCompiler.TargetPath = "PrecompiledWeb\OAS\"
		Debug.AspNetCompiler.Updateable = "true"
		Debug.AspNetCompiler.ForceOverwrite = "true"
		Debug.AspNetCompiler.FixedNames = "false"
		Debug.AspNetCompiler.Debug = "True"
		Release.AspNetCompiler.VirtualPath = "/OAS"
		Release.AspNetCompiler.PhysicalPath = "D:\Development_OTP_System\MAC-OTP-System\Dev\R1.0\Website\MACServices\OAS\"
		Release.AspNetCompiler.TargetPath = "PrecompiledWeb\OAS\"
		Release.AspNetCompiler.Updateable = "true"
		Release.AspNetCompiler.ForceOverwrite = "true"
		Release.AspNetCompiler.FixedNames = "false"
		Release.AspNetCompiler.Debug = "False"
		SlnRelativePath = "D:\Development_OTP_System\MAC-OTP-System\Dev\R1.0\Website\MACServices\OAS\"
	EndProjectSection
EndProject
Project("{E24C65DC-7377-472B-9ABA-BC803B73C61A}") = "OTP", "http://localhost/MACServices/OTP", "{58A544EB-9EA7-4A68-9EBE-C3194884D219}"
	ProjectSection(WebsiteProperties) = preProject
		SccProjectName = "SAK"
		SccAuxPath = "SAK"
		SccLocalPath = "SAK"
		SccProvider = "SAK"
		UseIISExpress = "false"
		TargetFrameworkMoniker = ".NETFramework,Version%3Dv4.5"
		ProjectReferences = "{90bb8808-e091-463d-aafd-5134183bdcf7}|MongoDB.Web.dll;{CD680504-D342-414B-BF56-40D325D45A6D}|MACConstants.dll;{5d982c49-0a44-4771-aac6-ca6be4b19eb3}|MACSecurity.dll;{b3b3690a-987f-4ade-b243-9a44068914c1}|MACServices.dll;"
		Debug.AspNetCompiler.VirtualPath = "/OTP"
		Debug.AspNetCompiler.PhysicalPath = "D:\Development_OTP_System\MAC-OTP-System\Dev\R1.0\Website\MACServices\OTP\"
		Debug.AspNetCompiler.TargetPath = "PrecompiledWeb\OTP\"
		Debug.AspNetCompiler.Updateable = "true"
		Debug.AspNetCompiler.ForceOverwrite = "true"
		Debug.AspNetCompiler.FixedNames = "false"
		Debug.AspNetCompiler.Debug = "True"
		Release.AspNetCompiler.VirtualPath = "/OTP"
		Release.AspNetCompiler.PhysicalPath = "D:\Development_OTP_System\MAC-OTP-System\Dev\R1.0\Website\MACServices\OTP\"
		Release.AspNetCompiler.TargetPath = "PrecompiledWeb\OTP\"
		Release.AspNetCompiler.Updateable = "true"
		Release.AspNetCompiler.ForceOverwrite = "true"
		Release.AspNetCompiler.FixedNames = "false"
		Release.AspNetCompiler.Debug = "False"
		SlnRelativePath = "D:\Development_OTP_System\MAC-OTP-System\Dev\R1.0\Website\MACServices\OTP\"
	EndProjectSection
EndProject
Project("{E24C65DC-7377-472B-9ABA-BC803B73C61A}") = "Test", "http://localhost/MACServices/Test", "{9C70BCFB-110B-4CD8-94C5-21CB10B326B1}"
	ProjectSection(WebsiteProperties) = preProject
		SccProjectName = "SAK"
		SccAuxPath = "SAK"
		SccLocalPath = "SAK"
		SccProvider = "SAK"
		UseIISExpress = "false"
		TargetFrameworkMoniker = ".NETFramework,Version%3Dv4.5"
		ProjectReferences = "{b3b3690a-987f-4ade-b243-9a44068914c1}|MACServices.dll;{CD680504-D342-414B-BF56-40D325D45A6D}|MACConstants.dll;{5D982C49-0A44-4771-AAC6-CA6BE4B19EB3}|MACSecurity.dll;{90BB8808-E091-463D-AAFD-5134183BDCF7}|MongoDB.Web.dll;{059c466e-65f3-4d6f-bd60-b6fccc8ada0b}|TestLib.dll;"
		Debug.AspNetCompiler.VirtualPath = "/Test"
		Debug.AspNetCompiler.PhysicalPath = "D:\Development_OTP_System\MAC-OTP-System\Dev\R1.0\Website\MACServices\Test\"
		Debug.AspNetCompiler.TargetPath = "PrecompiledWeb\Test\"
		Debug.AspNetCompiler.Updateable = "true"
		Debug.AspNetCompiler.ForceOverwrite = "true"
		Debug.AspNetCompiler.FixedNames = "false"
		Debug.AspNetCompiler.Debug = "True"
		Release.AspNetCompiler.VirtualPath = "/Test"
		Release.AspNetCompiler.PhysicalPath = "D:\Development_OTP_System\MAC-OTP-System\Dev\R1.0\Website\MACServices\Test\"
		Release.AspNetCompiler.TargetPath = "PrecompiledWeb\Test\"
		Release.AspNetCompiler.Updateable = "true"
		Release.AspNetCompiler.ForceOverwrite = "true"
		Release.AspNetCompiler.FixedNames = "false"
		Release.AspNetCompiler.Debug = "False"
		SlnRelativePath = "D:\Development_OTP_System\MAC-OTP-System\Dev\R1.0\Website\MACServices\Test\"
	EndProjectSection
EndProject
Project("{E24C65DC-7377-472B-9ABA-BC803B73C61A}") = "User", "http://localhost/MACServices/User", "{75F6EAA8-0359-45C4-989A-C25DED5416D7}"
	ProjectSection(WebsiteProperties) = preProject
		SccProjectName = "SAK"
		SccAuxPath = "SAK"
		SccLocalPath = "SAK"
		SccProvider = "SAK"
		UseIISExpress = "false"
		TargetFrameworkMoniker = ".NETFramework,Version%3Dv4.5"
		ProjectReferences = "{b3b3690a-987f-4ade-b243-9a44068914c1}|MACServices.dll;{CD680504-D342-414B-BF56-40D325D45A6D}|MACConstants.dll;{5D982C49-0A44-4771-AAC6-CA6BE4B19EB3}|MACSecurity.dll;{90BB8808-E091-463D-AAFD-5134183BDCF7}|MongoDB.Web.dll;"
		Debug.AspNetCompiler.VirtualPath = "/User"
		Debug.AspNetCompiler.PhysicalPath = "D:\Development_OTP_System\MAC-OTP-System\Dev\R1.0\Website\MACServices\User\"
		Debug.AspNetCompiler.TargetPath = "PrecompiledWeb\User\"
		Debug.AspNetCompiler.Updateable = "true"
		Debug.AspNetCompiler.ForceOverwrite = "true"
		Debug.AspNetCompiler.FixedNames = "false"
		Debug.AspNetCompiler.Debug = "True"
		Release.AspNetCompiler.VirtualPath = "/User"
		Release.AspNetCompiler.PhysicalPath = "D:\Development_OTP_System\MAC-OTP-System\Dev\R1.0\Website\MACServices\User\"
		Release.AspNetCompiler.TargetPath = "PrecompiledWeb\User\"
		Release.AspNetCompiler.Updateable = "true"
		Release.AspNetCompiler.ForceOverwrite = "true"
		Release.AspNetCompiler.FixedNames = "false"
		Release.AspNetCompiler.Debug = "False"
		SlnRelativePath = "D:\Development_OTP_System\MAC-OTP-System\Dev\R1.0\Website\MACServices\User\"
	EndProjectSection
EndProject
Project("{FAE04EC0-301F-11D3-BF4B-00C04F79EFBC}") = "MACServices", "D:\Development_OTP_System\MAC-OTP-System\Dev\R1.0\Libraries\CoreDomain\MACServices.csproj", "{B3B3690A-987F-4ADE-B243-9A44068914C1}"
EndProject
Project("{FAE04EC0-301F-11D3-BF4B-00C04F79EFBC}") = "MACBilling", "D:\Development_OTP_System\MAC-OTP-System\Dev\R1.0\Libraries\MACBilling\MACBilling\MACBilling.csproj", "{691E520A-FB93-4BD4-8419-AC9C07073C62}"
EndProject
Project("{FAE04EC0-301F-11D3-BF4B-00C04F79EFBC}") = "MACConstants", "D:\Development_OTP_System\MAC-OTP-System\Dev\R1.0\Libraries\MACConstants\MACConstants\MACConstants.csproj", "{CD680504-D342-414B-BF56-40D325D45A6D}"
EndProject
Project("{FAE04EC0-301F-11D3-BF4B-00C04F79EFBC}") = "MACSecurity", "D:\Development_OTP_System\MAC-OTP-System\Dev\R1.0\Libraries\MACSecurity\MACSecurity.csproj", "{5D982C49-0A44-4771-AAC6-CA6BE4B19EB3}"
EndProject
Project("{FAE04EC0-301F-11D3-BF4B-00C04F79EFBC}") = "MongoDB.Web", "D:\Development_OTP_System\MAC-OTP-System\Dev\R1.0\Libraries\Providers\Data\MongoDB\MongoDB.Web.csproj", "{90BB8808-E091-463D-AAFD-5134183BDCF7}"
EndProject
Project("{FAE04EC0-301F-11D3-BF4B-00C04F79EFBC}") = "MACEndUserVerification", "D:\Development_OTP_System\MAC-OTP-System\Dev\R1.0\Libraries\Providers\MACEndUserVerification\MACEndUserVerification.csproj", "{17481C9A-B3F9-4697-A095-8CF900449BB2}"
EndProject
Project("{FAE04EC0-301F-11D3-BF4B-00C04F79EFBC}") = "MACOTP", "D:\Development_OTP_System\MAC-OTP-System\Dev\R1.0\Libraries\Providers\MACOTP\MACOTP.csproj", "{8492D708-059A-4BC3-A700-F643266CB5EC}"
EndProject
Project("{FAE04EC0-301F-11D3-BF4B-00C04F79EFBC}") = "MACRegistration", "D:\Development_OTP_System\MAC-OTP-System\Dev\R1.0\Libraries\Providers\MACRegistration\MACRegistration.csproj", "{DFB499A6-2457-47C2-895F-DCDF4218B10B}"
EndProject
Project("{FAE04EC0-301F-11D3-BF4B-00C04F79EFBC}") = "TestLib", "D:\Development_OTP_System\MAC-OTP-System\Dev\R1.0\Libraries\TestLib\TestLib\TestLib.csproj", "{059C466E-65F3-4D6F-BD60-B6FCCC8ADA0B}"
EndProject
Project("{E24C65DC-7377-472B-9ABA-BC803B73C61A}") = "Billing", "http://localhost/MACServices/Billing", "{328A1F61-0A9A-4F3E-9537-2A147F4CDB9A}"
	ProjectSection(WebsiteProperties) = preProject
		SccProjectName = "SAK"
		SccAuxPath = "SAK"
		SccLocalPath = "SAK"
		SccProvider = "SAK"
		UseIISExpress = "false"
		TargetFrameworkMoniker = ".NETFramework,Version%3Dv4.5"
		ProjectReferences = "{691e520a-fb93-4bd4-8419-ac9c07073c62}|MACBilling.dll;{CD680504-D342-414B-BF56-40D325D45A6D}|MACConstants.dll;{5D982C49-0A44-4771-AAC6-CA6BE4B19EB3}|MACSecurity.dll;{B3B3690A-987F-4ADE-B243-9A44068914C1}|MACServices.dll;{90BB8808-E091-463D-AAFD-5134183BDCF7}|MongoDB.Web.dll;"
		Debug.AspNetCompiler.VirtualPath = "/Billing"
		Debug.AspNetCompiler.PhysicalPath = "D:\Development_OTP_System\MAC-OTP-System\Dev\R1.0\Website\MACServices\Billing\"
		Debug.AspNetCompiler.TargetPath = "PrecompiledWeb\Billing\"
		Debug.AspNetCompiler.Updateable = "true"
		Debug.AspNetCompiler.ForceOverwrite = "true"
		Debug.AspNetCompiler.FixedNames = "false"
		Debug.AspNetCompiler.Debug = "True"
		Release.AspNetCompiler.VirtualPath = "/Billing"
		Release.AspNetCompiler.PhysicalPath = "D:\Development_OTP_System\MAC-OTP-System\Dev\R1.0\Website\MACServices\Billing\"
		Release.AspNetCompiler.TargetPath = "PrecompiledWeb\Billing\"
		Release.AspNetCompiler.Updateable = "true"
		Release.AspNetCompiler.ForceOverwrite = "true"
		Release.AspNetCompiler.FixedNames = "false"
		Release.AspNetCompiler.Debug = "False"
		SlnRelativePath = "D:\Development_OTP_System\MAC-OTP-System\Dev\R1.0\Website\MACServices\Billing\"
	EndProjectSection
EndProject
Project("{FAE04EC0-301F-11D3-BF4B-00C04F79EFBC}") = "MACOperationalTestLib", "D:\Development_OTP_System\MAC-OTP-System\Dev\R1.0\Libraries\OperationalTest\MACOperationalTestLib\MACOperationalTestLib.csproj", "{402C06F9-3F9E-4E16-8DB7-6CD7EE017EE6}"
EndProject
Project("{E24C65DC-7377-472B-9ABA-BC803B73C61A}") = "IIS", "http://localhost/Demos/IIS", "{1073F31B-9B44-40A7-AE79-255C467B8EBA}"
	ProjectSection(WebsiteProperties) = preProject
		SccProjectName = "SAK"
		SccAuxPath = "SAK"
		SccLocalPath = "SAK"
		SccProvider = "SAK"
		UseIISExpress = "false"
		TargetFrameworkMoniker = ".NETFramework,Version%3Dv4.5.1"
		Debug.AspNetCompiler.VirtualPath = "/IIS"
		Debug.AspNetCompiler.PhysicalPath = "D:\Development_OTP_System\MAC-OTP-System\Dev\R1.0\ConsolidatedDemos\IIS\"
		Debug.AspNetCompiler.TargetPath = "PrecompiledWeb\IIS\"
		Debug.AspNetCompiler.Updateable = "true"
		Debug.AspNetCompiler.ForceOverwrite = "true"
		Debug.AspNetCompiler.FixedNames = "false"
		Debug.AspNetCompiler.Debug = "True"
		Release.AspNetCompiler.VirtualPath = "/IIS"
		Release.AspNetCompiler.PhysicalPath = "D:\Development_OTP_System\MAC-OTP-System\Dev\R1.0\ConsolidatedDemos\IIS\"
		Release.AspNetCompiler.TargetPath = "PrecompiledWeb\IIS\"
		Release.AspNetCompiler.Updateable = "true"
		Release.AspNetCompiler.ForceOverwrite = "true"
		Release.AspNetCompiler.FixedNames = "false"
		Release.AspNetCompiler.Debug = "False"
		SlnRelativePath = "D:\Development_OTP_System\MAC-OTP-System\Dev\R1.0\ConsolidatedDemos\IIS\"
	EndProjectSection
EndProject
Global
	GlobalSection(TeamFoundationVersionControl) = preSolution
		SccNumberOfProjects = 20
		SccEnterpriseProvider = {4CA58AB2-18FA-4F8D-95D4-32DDF27D184C}
		SccTeamFoundationServer = http://corp.mobileauthcorp.com:8080/tfs/defaultcollection
		SccLocalPath0 = .
		SccWebProject1 = true
		SccProjectUniqueName1 = http://localhost
		SccProjectName1 = ../../../Website
		SccLocalPath1 = D:\\Development_OTP_System\\MAC-OTP-System\\Dev\\R1.0\\Website
		SccProjectEnlistmentChoice1 = 2
		SccWebProject2 = true
		SccProjectUniqueName2 = http://localhost/MACServices/AdminServices
		SccProjectName2 = ../../../Website/MACServices/AdminServices
		SccLocalPath2 = D:\\Development_OTP_System\\MAC-OTP-System\\Dev\\R1.0\\Website\\MACServices\\AdminServices
		SccProjectEnlistmentChoice2 = 2
		SccWebProject3 = true
		SccProjectUniqueName3 = http://localhost/MACServices/Event
		SccProjectName3 = ../../../Website/MACServices/Event
		SccLocalPath3 = D:\\Development_OTP_System\\MAC-OTP-System\\Dev\\R1.0\\Website\\MACServices\\Event
		SccProjectEnlistmentChoice3 = 2
		SccWebProject4 = true
		SccProjectUniqueName4 = http://localhost/MACServices/OAS
		SccProjectName4 = ../../../Website/MACServices/OAS
		SccLocalPath4 = D:\\Development_OTP_System\\MAC-OTP-System\\Dev\\R1.0\\Website\\MACServices\\OAS
		SccProjectEnlistmentChoice4 = 2
		SccWebProject5 = true
		SccProjectUniqueName5 = http://localhost/MACServices/OTP
		SccProjectName5 = ../../../Website/MACServices/OTP
		SccLocalPath5 = D:\\Development_OTP_System\\MAC-OTP-System\\Dev\\R1.0\\Website\\MACServices\\OTP
		SccProjectEnlistmentChoice5 = 2
		SccWebProject6 = true
		SccProjectUniqueName6 = http://localhost/MACServices/Test
		SccProjectName6 = ../../../Website/MACServices/Test
		SccLocalPath6 = D:\\Development_OTP_System\\MAC-OTP-System\\Dev\\R1.0\\Website\\MACServices\\Test
		SccProjectEnlistmentChoice6 = 2
		SccWebProject7 = true
		SccProjectUniqueName7 = http://localhost/MACServices/User
		SccProjectName7 = ../../../Website/MACServices/User
		SccLocalPath7 = D:\\Development_OTP_System\\MAC-OTP-System\\Dev\\R1.0\\Website\\MACServices\\User
		SccProjectEnlistmentChoice7 = 2
		SccProjectUniqueName8 = D:\\Development_OTP_System\\MAC-OTP-System\\Dev\\R1.0\\Libraries\\CoreDomain\\MACServices.csproj
		SccProjectName8 = ../../../Libraries/CoreDomain
		SccLocalPath8 = D:\\Development_OTP_System\\MAC-OTP-System\\Dev\\R1.0\\Libraries\\CoreDomain
		SccProjectUniqueName9 = D:\\Development_OTP_System\\MAC-OTP-System\\Dev\\R1.0\\Libraries\\MACBilling\\MACBilling\\MACBilling.csproj
		SccProjectName9 = ../../../Libraries/MACBilling/MACBilling
		SccLocalPath9 = D:\\Development_OTP_System\\MAC-OTP-System\\Dev\\R1.0\\Libraries\\MACBilling\\MACBilling
		SccProjectUniqueName10 = D:\\Development_OTP_System\\MAC-OTP-System\\Dev\\R1.0\\Libraries\\MACConstants\\MACConstants\\MACConstants.csproj
		SccProjectName10 = ../../../Libraries/MACConstants/MACConstants
		SccLocalPath10 = D:\\Development_OTP_System\\MAC-OTP-System\\Dev\\R1.0\\Libraries\\MACConstants\\MACConstants
		SccProjectUniqueName11 = D:\\Development_OTP_System\\MAC-OTP-System\\Dev\\R1.0\\Libraries\\MACSecurity\\MACSecurity.csproj
		SccProjectName11 = ../../../Libraries/MACSecurity
		SccLocalPath11 = D:\\Development_OTP_System\\MAC-OTP-System\\Dev\\R1.0\\Libraries\\MACSecurity
		SccProjectUniqueName12 = D:\\Development_OTP_System\\MAC-OTP-System\\Dev\\R1.0\\Libraries\\Providers\\Data\\MongoDB\\MongoDB.Web.csproj
		SccProjectName12 = ../../../Libraries/Providers/Data/MongoDB
		SccLocalPath12 = D:\\Development_OTP_System\\MAC-OTP-System\\Dev\\R1.0\\Libraries\\Providers\\Data\\MongoDB
		SccProjectUniqueName13 = D:\\Development_OTP_System\\MAC-OTP-System\\Dev\\R1.0\\Libraries\\Providers\\MACEndUserVerification\\MACEndUserVerification.csproj
		SccProjectName13 = ../../../Libraries/Providers/MACEndUserVerification
		SccLocalPath13 = D:\\Development_OTP_System\\MAC-OTP-System\\Dev\\R1.0\\Libraries\\Providers\\MACEndUserVerification
		SccProjectUniqueName14 = D:\\Development_OTP_System\\MAC-OTP-System\\Dev\\R1.0\\Libraries\\Providers\\MACOTP\\MACOTP.csproj
		SccProjectName14 = ../../../Libraries/Providers/MACOTP
		SccLocalPath14 = D:\\Development_OTP_System\\MAC-OTP-System\\Dev\\R1.0\\Libraries\\Providers\\MACOTP
		SccProjectUniqueName15 = D:\\Development_OTP_System\\MAC-OTP-System\\Dev\\R1.0\\Libraries\\Providers\\MACRegistration\\MACRegistration.csproj
		SccProjectName15 = ../../../Libraries/Providers/MACRegistration
		SccLocalPath15 = D:\\Development_OTP_System\\MAC-OTP-System\\Dev\\R1.0\\Libraries\\Providers\\MACRegistration
		SccProjectUniqueName16 = D:\\Development_OTP_System\\MAC-OTP-System\\Dev\\R1.0\\Libraries\\TestLib\\TestLib\\TestLib.csproj
		SccProjectName16 = ../../../Libraries/TestLib/TestLib
		SccLocalPath16 = D:\\Development_OTP_System\\MAC-OTP-System\\Dev\\R1.0\\Libraries\\TestLib\\TestLib
		SccProjectUniqueName17 = D:\\Development_OTP_System\\MAC-OTP-System\\Dev\\R1.0\\Libraries\\OperationalTest\\MACOperationalTestLib\\MACOperationalTestLib.csproj
		SccProjectName17 = ../../../Libraries/OperationalTest/MACOperationalTestLib
		SccLocalPath17 = D:\\Development_OTP_System\\MAC-OTP-System\\Dev\\R1.0\\Libraries\\OperationalTest\\MACOperationalTestLib
		SccWebProject18 = true
		SccProjectUniqueName18 = http://localhost/Demos/IIS
		SccProjectName18 = ../../IIS
		SccLocalPath18 = D:\\Development_OTP_System\\MAC-OTP-System\\Dev\\R1.0\\ConsolidatedDemos\\IIS
		SccProjectEnlistmentChoice18 = 2
		SccWebProject19 = true
		SccProjectUniqueName19 = http://localhost/MACServices/Billing
		SccProjectName19 = ../../../Website/MACServices/Billing
		SccLocalPath19 = D:\\Development_OTP_System\\MAC-OTP-System\\Dev\\R1.0\\Website\\MACServices\\Billing
		SccProjectEnlistmentChoice19 = 2
	EndGlobalSection
	GlobalSection(SolutionConfigurationPlatforms) = preSolution
		Debug|Any CPU = Debug|Any CPU
		Release|Any CPU = Release|Any CPU
	EndGlobalSection
	GlobalSection(ProjectConfigurationPlatforms) = postSolution
		{C7F5A5D6-EA7E-49F6-9E35-A57EA92A822F}.Debug|Any CPU.ActiveCfg = Debug|Any CPU
		{C7F5A5D6-EA7E-49F6-9E35-A57EA92A822F}.Debug|Any CPU.Build.0 = Debug|Any CPU
		{C7F5A5D6-EA7E-49F6-9E35-A57EA92A822F}.Release|Any CPU.ActiveCfg = Debug|Any CPU
		{C7F5A5D6-EA7E-49F6-9E35-A57EA92A822F}.Release|Any CPU.Build.0 = Debug|Any CPU
		{C120A214-FB11-4E02-8BC2-9F91C48FECFA}.Debug|Any CPU.ActiveCfg = Debug|Any CPU
		{C120A214-FB11-4E02-8BC2-9F91C48FECFA}.Debug|Any CPU.Build.0 = Debug|Any CPU
		{C120A214-FB11-4E02-8BC2-9F91C48FECFA}.Release|Any CPU.ActiveCfg = Debug|Any CPU
		{C120A214-FB11-4E02-8BC2-9F91C48FECFA}.Release|Any CPU.Build.0 = Debug|Any CPU
		{AAB3E78C-9A69-490C-831A-CDA3BED14F82}.Debug|Any CPU.ActiveCfg = Debug|Any CPU
		{AAB3E78C-9A69-490C-831A-CDA3BED14F82}.Debug|Any CPU.Build.0 = Debug|Any CPU
		{AAB3E78C-9A69-490C-831A-CDA3BED14F82}.Release|Any CPU.ActiveCfg = Debug|Any CPU
		{AAB3E78C-9A69-490C-831A-CDA3BED14F82}.Release|Any CPU.Build.0 = Debug|Any CPU
		{1440EB66-2759-499C-905A-2F08EDBFB39A}.Debug|Any CPU.ActiveCfg = Debug|Any CPU
		{1440EB66-2759-499C-905A-2F08EDBFB39A}.Debug|Any CPU.Build.0 = Debug|Any CPU
		{1440EB66-2759-499C-905A-2F08EDBFB39A}.Release|Any CPU.ActiveCfg = Debug|Any CPU
		{1440EB66-2759-499C-905A-2F08EDBFB39A}.Release|Any CPU.Build.0 = Debug|Any CPU
		{58A544EB-9EA7-4A68-9EBE-C3194884D219}.Debug|Any CPU.ActiveCfg = Debug|Any CPU
		{58A544EB-9EA7-4A68-9EBE-C3194884D219}.Debug|Any CPU.Build.0 = Debug|Any CPU
		{58A544EB-9EA7-4A68-9EBE-C3194884D219}.Release|Any CPU.ActiveCfg = Debug|Any CPU
		{58A544EB-9EA7-4A68-9EBE-C3194884D219}.Release|Any CPU.Build.0 = Debug|Any CPU
		{9C70BCFB-110B-4CD8-94C5-21CB10B326B1}.Debug|Any CPU.ActiveCfg = Debug|Any CPU
		{9C70BCFB-110B-4CD8-94C5-21CB10B326B1}.Debug|Any CPU.Build.0 = Debug|Any CPU
		{9C70BCFB-110B-4CD8-94C5-21CB10B326B1}.Release|Any CPU.ActiveCfg = Debug|Any CPU
		{9C70BCFB-110B-4CD8-94C5-21CB10B326B1}.Release|Any CPU.Build.0 = Debug|Any CPU
		{75F6EAA8-0359-45C4-989A-C25DED5416D7}.Debug|Any CPU.ActiveCfg = Debug|Any CPU
		{75F6EAA8-0359-45C4-989A-C25DED5416D7}.Debug|Any CPU.Build.0 = Debug|Any CPU
		{75F6EAA8-0359-45C4-989A-C25DED5416D7}.Release|Any CPU.ActiveCfg = Debug|Any CPU
		{75F6EAA8-0359-45C4-989A-C25DED5416D7}.Release|Any CPU.Build.0 = Debug|Any CPU
		{B3B3690A-987F-4ADE-B243-9A44068914C1}.Debug|Any CPU.ActiveCfg = Debug|Any CPU
		{B3B3690A-987F-4ADE-B243-9A44068914C1}.Debug|Any CPU.Build.0 = Debug|Any CPU
		{B3B3690A-987F-4ADE-B243-9A44068914C1}.Release|Any CPU.ActiveCfg = Release|Any CPU
		{B3B3690A-987F-4ADE-B243-9A44068914C1}.Release|Any CPU.Build.0 = Release|Any CPU
		{691E520A-FB93-4BD4-8419-AC9C07073C62}.Debug|Any CPU.ActiveCfg = Debug|Any CPU
		{691E520A-FB93-4BD4-8419-AC9C07073C62}.Debug|Any CPU.Build.0 = Debug|Any CPU
		{691E520A-FB93-4BD4-8419-AC9C07073C62}.Release|Any CPU.ActiveCfg = Release|Any CPU
		{691E520A-FB93-4BD4-8419-AC9C07073C62}.Release|Any CPU.Build.0 = Release|Any CPU
		{CD680504-D342-414B-BF56-40D325D45A6D}.Debug|Any CPU.ActiveCfg = Debug|Any CPU
		{CD680504-D342-414B-BF56-40D325D45A6D}.Debug|Any CPU.Build.0 = Debug|Any CPU
		{CD680504-D342-414B-BF56-40D325D45A6D}.Release|Any CPU.ActiveCfg = Release|Any CPU
		{CD680504-D342-414B-BF56-40D325D45A6D}.Release|Any CPU.Build.0 = Release|Any CPU
		{5D982C49-0A44-4771-AAC6-CA6BE4B19EB3}.Debug|Any CPU.ActiveCfg = Debug|Any CPU
		{5D982C49-0A44-4771-AAC6-CA6BE4B19EB3}.Debug|Any CPU.Build.0 = Debug|Any CPU
		{5D982C49-0A44-4771-AAC6-CA6BE4B19EB3}.Release|Any CPU.ActiveCfg = Release|Any CPU
		{5D982C49-0A44-4771-AAC6-CA6BE4B19EB3}.Release|Any CPU.Build.0 = Release|Any CPU
		{90BB8808-E091-463D-AAFD-5134183BDCF7}.Debug|Any CPU.ActiveCfg = Debug|Any CPU
		{90BB8808-E091-463D-AAFD-5134183BDCF7}.Debug|Any CPU.Build.0 = Debug|Any CPU
		{90BB8808-E091-463D-AAFD-5134183BDCF7}.Release|Any CPU.ActiveCfg = Release|Any CPU
		{90BB8808-E091-463D-AAFD-5134183BDCF7}.Release|Any CPU.Build.0 = Release|Any CPU
		{17481C9A-B3F9-4697-A095-8CF900449BB2}.Debug|Any CPU.ActiveCfg = Debug|Any CPU
		{17481C9A-B3F9-4697-A095-8CF900449BB2}.Debug|Any CPU.Build.0 = Debug|Any CPU
		{17481C9A-B3F9-4697-A095-8CF900449BB2}.Release|Any CPU.ActiveCfg = Release|Any CPU
		{17481C9A-B3F9-4697-A095-8CF900449BB2}.Release|Any CPU.Build.0 = Release|Any CPU
		{8492D708-059A-4BC3-A700-F643266CB5EC}.Debug|Any CPU.ActiveCfg = Debug|Any CPU
		{8492D708-059A-4BC3-A700-F643266CB5EC}.Debug|Any CPU.Build.0 = Debug|Any CPU
		{8492D708-059A-4BC3-A700-F643266CB5EC}.Release|Any CPU.ActiveCfg = Release|Any CPU
		{8492D708-059A-4BC3-A700-F643266CB5EC}.Release|Any CPU.Build.0 = Release|Any CPU
		{DFB499A6-2457-47C2-895F-DCDF4218B10B}.Debug|Any CPU.ActiveCfg = Debug|Any CPU
		{DFB499A6-2457-47C2-895F-DCDF4218B10B}.Debug|Any CPU.Build.0 = Debug|Any CPU
		{DFB499A6-2457-47C2-895F-DCDF4218B10B}.Release|Any CPU.ActiveCfg = Release|Any CPU
		{DFB499A6-2457-47C2-895F-DCDF4218B10B}.Release|Any CPU.Build.0 = Release|Any CPU
		{059C466E-65F3-4D6F-BD60-B6FCCC8ADA0B}.Debug|Any CPU.ActiveCfg = Debug|Any CPU
		{059C466E-65F3-4D6F-BD60-B6FCCC8ADA0B}.Debug|Any CPU.Build.0 = Debug|Any CPU
		{059C466E-65F3-4D6F-BD60-B6FCCC8ADA0B}.Release|Any CPU.ActiveCfg = Release|Any CPU
		{059C466E-65F3-4D6F-BD60-B6FCCC8ADA0B}.Release|Any CPU.Build.0 = Release|Any CPU
		{328A1F61-0A9A-4F3E-9537-2A147F4CDB9A}.Debug|Any CPU.ActiveCfg = Debug|Any CPU
		{328A1F61-0A9A-4F3E-9537-2A147F4CDB9A}.Debug|Any CPU.Build.0 = Debug|Any CPU
		{328A1F61-0A9A-4F3E-9537-2A147F4CDB9A}.Release|Any CPU.ActiveCfg = Debug|Any CPU
		{328A1F61-0A9A-4F3E-9537-2A147F4CDB9A}.Release|Any CPU.Build.0 = Debug|Any CPU
		{402C06F9-3F9E-4E16-8DB7-6CD7EE017EE6}.Debug|Any CPU.ActiveCfg = Debug|Any CPU
		{402C06F9-3F9E-4E16-8DB7-6CD7EE017EE6}.Debug|Any CPU.Build.0 = Debug|Any CPU
		{402C06F9-3F9E-4E16-8DB7-6CD7EE017EE6}.Release|Any CPU.ActiveCfg = Release|Any CPU
		{402C06F9-3F9E-4E16-8DB7-6CD7EE017EE6}.Release|Any CPU.Build.0 = Release|Any CPU
		{1073F31B-9B44-40A7-AE79-255C467B8EBA}.Debug|Any CPU.ActiveCfg = Debug|Any CPU
		{1073F31B-9B44-40A7-AE79-255C467B8EBA}.Debug|Any CPU.Build.0 = Debug|Any CPU
		{1073F31B-9B44-40A7-AE79-255C467B8EBA}.Release|Any CPU.ActiveCfg = Debug|Any CPU
		{1073F31B-9B44-40A7-AE79-255C467B8EBA}.Release|Any CPU.Build.0 = Debug|Any CPU
	EndGlobalSection
	GlobalSection(SolutionProperties) = preSolution
		HideSolutionNode = FALSE
	EndGlobalSection
EndGlobal
