
Microsoft Visual Studio Solution File, Format Version 12.00
# Visual Studio 2013
VisualStudioVersion = 12.0.21005.1
MinimumVisualStudioVersion = 10.0.40219.1
Project("{E24C65DC-7377-472B-9ABA-BC803B73C61A}") = "http://localhost", "http://localhost", "{A9D05B56-D3C8-43B7-B6B1-91BFF2336C99}"
	ProjectSection(WebsiteProperties) = preProject
		SccProjectName = "SAK"
		SccAuxPath = "SAK"
		SccLocalPath = "SAK"
		SccProvider = "SAK"
		UseIISExpress = "false"
		TargetFrameworkMoniker = ".NETFramework,Version%3Dv4.5.1"
		ProjectReferences = "{691e520a-fb93-4bd4-8419-ac9c07073c62}|MACBilling.dll;{CD680504-D342-414B-BF56-40D325D45A6D}|MACConstants.dll;{5D982C49-0A44-4771-AAC6-CA6BE4B19EB3}|MACSecurity.dll;{B3B3690A-987F-4ADE-B243-9A44068914C1}|MACServices.dll;{90BB8808-E091-463D-AAFD-5134183BDCF7}|MongoDB.Web.dll;{8492d708-059a-4bc3-a700-f643266cb5ec}|MacOtp.dll;{dfb499a6-2457-47c2-895f-dcdf4218b10b}|MacRegistration.dll;{059c466e-65f3-4d6f-bd60-b6fccc8ada0b}|TestLib.dll;{402c06f9-3f9e-4e16-8db7-6cd7ee017ee6}|MACOperationalTestLib.dll;"
		Debug.AspNetCompiler.VirtualPath = "/localhost"
		Debug.AspNetCompiler.PhysicalPath = "..\..\..\..\..\..\Development_OTP_System\MAC-OTP-System\Dev\R1.0\Website\"
		Debug.AspNetCompiler.TargetPath = "PrecompiledWeb\localhost\"
		Debug.AspNetCompiler.Updateable = "true"
		Debug.AspNetCompiler.ForceOverwrite = "true"
		Debug.AspNetCompiler.FixedNames = "false"
		Debug.AspNetCompiler.Debug = "True"
		Release.AspNetCompiler.VirtualPath = "/localhost"
		Release.AspNetCompiler.PhysicalPath = "..\..\..\..\..\..\Development_OTP_System\MAC-OTP-System\Dev\R1.0\Website\"
		Release.AspNetCompiler.TargetPath = "PrecompiledWeb\localhost\"
		Release.AspNetCompiler.Updateable = "true"
		Release.AspNetCompiler.ForceOverwrite = "true"
		Release.AspNetCompiler.FixedNames = "false"
		Release.AspNetCompiler.Debug = "False"
		SlnRelativePath = "..\..\..\..\..\..\Development_OTP_System\MAC-OTP-System\Dev\R1.0\Website\"
	EndProjectSection
EndProject
Project("{E24C65DC-7377-472B-9ABA-BC803B73C61A}") = "Event", "http://localhost/MACServices/Event", "{AA43DC39-47C1-4C60-A572-F42361F8EF08}"
	ProjectSection(WebsiteProperties) = preProject
		SccProjectName = "SAK"
		SccAuxPath = "SAK"
		SccLocalPath = "SAK"
		SccProvider = "SAK"
		UseIISExpress = "false"
		TargetFrameworkMoniker = ".NETFramework,Version%3Dv4.5"
		ProjectReferences = "{cd680504-d342-414b-bf56-40d325d45a6d}|MACConstants.dll;{b3b3690a-987f-4ade-b243-9a44068914c1}|MACServices.dll;{5D982C49-0A44-4771-AAC6-CA6BE4B19EB3}|MACSecurity.dll;{90BB8808-E091-463D-AAFD-5134183BDCF7}|MongoDB.Web.dll;"
		Debug.AspNetCompiler.VirtualPath = "/Event"
		Debug.AspNetCompiler.PhysicalPath = "..\..\..\..\..\..\Development_OTP_System\MAC-OTP-System\Dev\R1.0\Website\MACServices\Event\"
		Debug.AspNetCompiler.TargetPath = "PrecompiledWeb\Event\"
		Debug.AspNetCompiler.Updateable = "true"
		Debug.AspNetCompiler.ForceOverwrite = "true"
		Debug.AspNetCompiler.FixedNames = "false"
		Debug.AspNetCompiler.Debug = "True"
		Release.AspNetCompiler.VirtualPath = "/Event"
		Release.AspNetCompiler.PhysicalPath = "..\..\..\..\..\..\Development_OTP_System\MAC-OTP-System\Dev\R1.0\Website\MACServices\Event\"
		Release.AspNetCompiler.TargetPath = "PrecompiledWeb\Event\"
		Release.AspNetCompiler.Updateable = "true"
		Release.AspNetCompiler.ForceOverwrite = "true"
		Release.AspNetCompiler.FixedNames = "false"
		Release.AspNetCompiler.Debug = "False"
		SlnRelativePath = "..\..\..\..\..\..\Development_OTP_System\MAC-OTP-System\Dev\R1.0\Website\MACServices\Event\"
	EndProjectSection
EndProject
Project("{E24C65DC-7377-472B-9ABA-BC803B73C61A}") = "OAS", "http://localhost/MACServices/OAS", "{018FBD2F-2710-443D-B4DB-52099FC98A32}"
	ProjectSection(WebsiteProperties) = preProject
		SccProjectName = "SAK"
		SccAuxPath = "SAK"
		SccLocalPath = "SAK"
		SccProvider = "SAK"
		UseIISExpress = "false"
		TargetFrameworkMoniker = ".NETFramework,Version%3Dv4.5"
		ProjectReferences = "{90bb8808-e091-463d-aafd-5134183bdcf7}|MongoDB.Web.dll;{cd680504-d342-414b-bf56-40d325d45a6d}|MACConstants.dll;{402c06f9-3f9e-4e16-8db7-6cd7ee017ee6}|MACOperationalTestLib.dll;{B3B3690A-987F-4ADE-B243-9A44068914C1}|MACServices.dll;{5D982C49-0A44-4771-AAC6-CA6BE4B19EB3}|MACSecurity.dll;"
		Debug.AspNetCompiler.VirtualPath = "/OAS"
		Debug.AspNetCompiler.PhysicalPath = "..\..\..\..\..\..\Development_OTP_System\MAC-OTP-System\Dev\R1.0\Website\MACServices\OAS\"
		Debug.AspNetCompiler.TargetPath = "PrecompiledWeb\OAS\"
		Debug.AspNetCompiler.Updateable = "true"
		Debug.AspNetCompiler.ForceOverwrite = "true"
		Debug.AspNetCompiler.FixedNames = "false"
		Debug.AspNetCompiler.Debug = "True"
		Release.AspNetCompiler.VirtualPath = "/OAS"
		Release.AspNetCompiler.PhysicalPath = "..\..\..\..\..\..\Development_OTP_System\MAC-OTP-System\Dev\R1.0\Website\MACServices\OAS\"
		Release.AspNetCompiler.TargetPath = "PrecompiledWeb\OAS\"
		Release.AspNetCompiler.Updateable = "true"
		Release.AspNetCompiler.ForceOverwrite = "true"
		Release.AspNetCompiler.FixedNames = "false"
		Release.AspNetCompiler.Debug = "False"
		SlnRelativePath = "..\..\..\..\..\..\Development_OTP_System\MAC-OTP-System\Dev\R1.0\Website\MACServices\OAS\"
	EndProjectSection
EndProject
Project("{E24C65DC-7377-472B-9ABA-BC803B73C61A}") = "OTP", "http://localhost/MACServices/OTP", "{8716385C-FDA3-4206-B822-7A24E548A0C4}"
	ProjectSection(WebsiteProperties) = preProject
		SccProjectName = "SAK"
		SccAuxPath = "SAK"
		SccLocalPath = "SAK"
		SccProvider = "SAK"
		UseIISExpress = "false"
		TargetFrameworkMoniker = ".NETFramework,Version%3Dv4.5"
		ProjectReferences = "{cd680504-d342-414b-bf56-40d325d45a6d}|MACConstants.dll;{b3b3690a-987f-4ade-b243-9a44068914c1}|MACServices.dll;{5D982C49-0A44-4771-AAC6-CA6BE4B19EB3}|MACSecurity.dll;{90BB8808-E091-463D-AAFD-5134183BDCF7}|MongoDB.Web.dll;"
		Debug.AspNetCompiler.VirtualPath = "/OTP"
		Debug.AspNetCompiler.PhysicalPath = "..\..\..\..\..\..\Development_OTP_System\MAC-OTP-System\Dev\R1.0\Website\MACServices\OTP\"
		Debug.AspNetCompiler.TargetPath = "PrecompiledWeb\OTP\"
		Debug.AspNetCompiler.Updateable = "true"
		Debug.AspNetCompiler.ForceOverwrite = "true"
		Debug.AspNetCompiler.FixedNames = "false"
		Debug.AspNetCompiler.Debug = "True"
		Release.AspNetCompiler.VirtualPath = "/OTP"
		Release.AspNetCompiler.PhysicalPath = "..\..\..\..\..\..\Development_OTP_System\MAC-OTP-System\Dev\R1.0\Website\MACServices\OTP\"
		Release.AspNetCompiler.TargetPath = "PrecompiledWeb\OTP\"
		Release.AspNetCompiler.Updateable = "true"
		Release.AspNetCompiler.ForceOverwrite = "true"
		Release.AspNetCompiler.FixedNames = "false"
		Release.AspNetCompiler.Debug = "False"
		SlnRelativePath = "..\..\..\..\..\..\Development_OTP_System\MAC-OTP-System\Dev\R1.0\Website\MACServices\OTP\"
	EndProjectSection
EndProject
Project("{E24C65DC-7377-472B-9ABA-BC803B73C61A}") = "Test", "http://localhost/MACServices/Test", "{36911B52-52D5-452A-8BE4-2EBA8FE43BE1}"
	ProjectSection(WebsiteProperties) = preProject
		SccProjectName = "SAK"
		SccAuxPath = "SAK"
		SccLocalPath = "SAK"
		SccProvider = "SAK"
		UseIISExpress = "false"
		TargetFrameworkMoniker = ".NETFramework,Version%3Dv4.5"
		ProjectReferences = "{059c466e-65f3-4d6f-bd60-b6fccc8ada0b}|TestLib.dll;{cd680504-d342-414b-bf56-40d325d45a6d}|MACConstants.dll;{b3b3690a-987f-4ade-b243-9a44068914c1}|MACServices.dll;{5D982C49-0A44-4771-AAC6-CA6BE4B19EB3}|MACSecurity.dll;{90BB8808-E091-463D-AAFD-5134183BDCF7}|MongoDB.Web.dll;"
		Debug.AspNetCompiler.VirtualPath = "/Test"
		Debug.AspNetCompiler.PhysicalPath = "..\..\..\..\..\..\Development_OTP_System\MAC-OTP-System\Dev\R1.0\Website\MACServices\Test\"
		Debug.AspNetCompiler.TargetPath = "PrecompiledWeb\Test\"
		Debug.AspNetCompiler.Updateable = "true"
		Debug.AspNetCompiler.ForceOverwrite = "true"
		Debug.AspNetCompiler.FixedNames = "false"
		Debug.AspNetCompiler.Debug = "True"
		Release.AspNetCompiler.VirtualPath = "/Test"
		Release.AspNetCompiler.PhysicalPath = "..\..\..\..\..\..\Development_OTP_System\MAC-OTP-System\Dev\R1.0\Website\MACServices\Test\"
		Release.AspNetCompiler.TargetPath = "PrecompiledWeb\Test\"
		Release.AspNetCompiler.Updateable = "true"
		Release.AspNetCompiler.ForceOverwrite = "true"
		Release.AspNetCompiler.FixedNames = "false"
		Release.AspNetCompiler.Debug = "False"
		SlnRelativePath = "..\..\..\..\..\..\Development_OTP_System\MAC-OTP-System\Dev\R1.0\Website\MACServices\Test\"
	EndProjectSection
EndProject
Project("{E24C65DC-7377-472B-9ABA-BC803B73C61A}") = "User", "http://localhost/MACServices/User", "{D8FB9AA9-C22E-41D2-A9E1-0EC89F2F62F7}"
	ProjectSection(WebsiteProperties) = preProject
		SccProjectName = "SAK"
		SccAuxPath = "SAK"
		SccLocalPath = "SAK"
		SccProvider = "SAK"
		UseIISExpress = "false"
		TargetFrameworkMoniker = ".NETFramework,Version%3Dv4.5"
		ProjectReferences = "{cd680504-d342-414b-bf56-40d325d45a6d}|MACConstants.dll;{b3b3690a-987f-4ade-b243-9a44068914c1}|MACServices.dll;{5D982C49-0A44-4771-AAC6-CA6BE4B19EB3}|MACSecurity.dll;{90BB8808-E091-463D-AAFD-5134183BDCF7}|MongoDB.Web.dll;"
		Debug.AspNetCompiler.VirtualPath = "/User"
		Debug.AspNetCompiler.PhysicalPath = "..\..\..\..\..\..\Development_OTP_System\MAC-OTP-System\Dev\R1.0\Website\MACServices\User\"
		Debug.AspNetCompiler.TargetPath = "PrecompiledWeb\User\"
		Debug.AspNetCompiler.Updateable = "true"
		Debug.AspNetCompiler.ForceOverwrite = "true"
		Debug.AspNetCompiler.FixedNames = "false"
		Debug.AspNetCompiler.Debug = "True"
		Release.AspNetCompiler.VirtualPath = "/User"
		Release.AspNetCompiler.PhysicalPath = "..\..\..\..\..\..\Development_OTP_System\MAC-OTP-System\Dev\R1.0\Website\MACServices\User\"
		Release.AspNetCompiler.TargetPath = "PrecompiledWeb\User\"
		Release.AspNetCompiler.Updateable = "true"
		Release.AspNetCompiler.ForceOverwrite = "true"
		Release.AspNetCompiler.FixedNames = "false"
		Release.AspNetCompiler.Debug = "False"
		SlnRelativePath = "..\..\..\..\..\..\Development_OTP_System\MAC-OTP-System\Dev\R1.0\Website\MACServices\User\"
	EndProjectSection
EndProject
Project("{FAE04EC0-301F-11D3-BF4B-00C04F79EFBC}") = "MACServices", "..\..\..\..\..\..\Development_OTP_System\MAC-OTP-System\Dev\R1.0\Libraries\CoreDomain\MACServices.csproj", "{B3B3690A-987F-4ADE-B243-9A44068914C1}"
EndProject
Project("{FAE04EC0-301F-11D3-BF4B-00C04F79EFBC}") = "MACSecurity", "..\..\..\..\..\..\Development_OTP_System\MAC-OTP-System\Dev\R1.0\Libraries\MACSecurity\MACSecurity.csproj", "{5D982C49-0A44-4771-AAC6-CA6BE4B19EB3}"
EndProject
Project("{FAE04EC0-301F-11D3-BF4B-00C04F79EFBC}") = "MACConstants", "..\..\..\..\..\..\Development_OTP_System\MAC-OTP-System\Dev\R1.0\Libraries\MACConstants\MACConstants\MACConstants.csproj", "{CD680504-D342-414B-BF56-40D325D45A6D}"
EndProject
Project("{FAE04EC0-301F-11D3-BF4B-00C04F79EFBC}") = "MACBilling", "..\..\..\..\..\..\Development_OTP_System\MAC-OTP-System\Dev\R1.0\Libraries\MACBilling\MACBilling\MACBilling.csproj", "{691E520A-FB93-4BD4-8419-AC9C07073C62}"
EndProject
Project("{FAE04EC0-301F-11D3-BF4B-00C04F79EFBC}") = "MACOTP", "..\..\..\..\..\..\Development_OTP_System\MAC-OTP-System\Dev\R1.0\Libraries\Providers\MACOTP\MACOTP.csproj", "{8492D708-059A-4BC3-A700-F643266CB5EC}"
EndProject
Project("{FAE04EC0-301F-11D3-BF4B-00C04F79EFBC}") = "MACRegistration", "..\..\..\..\..\..\Development_OTP_System\MAC-OTP-System\Dev\R1.0\Libraries\Providers\MACRegistration\MACRegistration.csproj", "{DFB499A6-2457-47C2-895F-DCDF4218B10B}"
EndProject
Project("{FAE04EC0-301F-11D3-BF4B-00C04F79EFBC}") = "TestLib", "..\..\..\..\..\..\Development_OTP_System\MAC-OTP-System\Dev\R1.0\Libraries\TestLib\TestLib\TestLib.csproj", "{059C466E-65F3-4D6F-BD60-B6FCCC8ADA0B}"
EndProject
Project("{E24C65DC-7377-472B-9ABA-BC803B73C61A}") = "AdminServices", "http://localhost/MACServices/AdminServices", "{4749DF2E-F2D0-4C5A-9AD5-4B4CC6D57D52}"
	ProjectSection(WebsiteProperties) = preProject
		SccProjectName = "SAK"
		SccAuxPath = "SAK"
		SccLocalPath = "SAK"
		SccProvider = "SAK"
		UseIISExpress = "false"
		TargetFrameworkMoniker = ".NETFramework,Version%3Dv4.5"
		ProjectReferences = "{cd680504-d342-414b-bf56-40d325d45a6d}|MACConstants.dll;{5d982c49-0a44-4771-aac6-ca6be4b19eb3}|MACSecurity.dll;{b3b3690a-987f-4ade-b243-9a44068914c1}|MACServices.dll;{90BB8808-E091-463D-AAFD-5134183BDCF7}|MongoDB.Web.dll;"
		Debug.AspNetCompiler.VirtualPath = "/AdminServices"
		Debug.AspNetCompiler.PhysicalPath = "..\..\..\..\..\..\Development_OTP_System\MAC-OTP-System\Dev\R1.0\Website\MACServices\AdminServices\"
		Debug.AspNetCompiler.TargetPath = "PrecompiledWeb\AdminServices\"
		Debug.AspNetCompiler.Updateable = "true"
		Debug.AspNetCompiler.ForceOverwrite = "true"
		Debug.AspNetCompiler.FixedNames = "false"
		Debug.AspNetCompiler.Debug = "True"
		Release.AspNetCompiler.VirtualPath = "/AdminServices"
		Release.AspNetCompiler.PhysicalPath = "..\..\..\..\..\..\Development_OTP_System\MAC-OTP-System\Dev\R1.0\Website\MACServices\AdminServices\"
		Release.AspNetCompiler.TargetPath = "PrecompiledWeb\AdminServices\"
		Release.AspNetCompiler.Updateable = "true"
		Release.AspNetCompiler.ForceOverwrite = "true"
		Release.AspNetCompiler.FixedNames = "false"
		Release.AspNetCompiler.Debug = "False"
		SlnRelativePath = "..\..\..\..\..\..\Development_OTP_System\MAC-OTP-System\Dev\R1.0\Website\MACServices\AdminServices\"
	EndProjectSection
EndProject
Project("{FAE04EC0-301F-11D3-BF4B-00C04F79EFBC}") = "MongoDB.Web", "..\..\..\..\..\..\Development_OTP_System\MAC-OTP-System\Dev\R1.0\Libraries\Providers\Data\MongoDB\MongoDB.Web.csproj", "{90BB8808-E091-463D-AAFD-5134183BDCF7}"
EndProject
Project("{E24C65DC-7377-472B-9ABA-BC803B73C61A}") = "Billing", "http://localhost/MACServices/Billing", "{439AA39C-074D-49EE-B23C-5E601FDC4452}"
	ProjectSection(WebsiteProperties) = preProject
		SccProjectName = "SAK"
		SccAuxPath = "SAK"
		SccLocalPath = "SAK"
		SccProvider = "SAK"
		UseIISExpress = "false"
		TargetFrameworkMoniker = ".NETFramework,Version%3Dv4.5"
		ProjectReferences = "{691e520a-fb93-4bd4-8419-ac9c07073c62}|MACBilling.dll;{CD680504-D342-414B-BF56-40D325D45A6D}|MACConstants.dll;{5D982C49-0A44-4771-AAC6-CA6BE4B19EB3}|MACSecurity.dll;{B3B3690A-987F-4ADE-B243-9A44068914C1}|MACServices.dll;{90BB8808-E091-463D-AAFD-5134183BDCF7}|MongoDB.Web.dll;"
		Debug.AspNetCompiler.VirtualPath = "/Billing"
		Debug.AspNetCompiler.PhysicalPath = "..\..\..\..\..\..\Development_OTP_System\MAC-OTP-System\Dev\R1.0\Website\MACServices\Billing\"
		Debug.AspNetCompiler.TargetPath = "PrecompiledWeb\Billing\"
		Debug.AspNetCompiler.Updateable = "true"
		Debug.AspNetCompiler.ForceOverwrite = "true"
		Debug.AspNetCompiler.FixedNames = "false"
		Debug.AspNetCompiler.Debug = "True"
		Release.AspNetCompiler.VirtualPath = "/Billing"
		Release.AspNetCompiler.PhysicalPath = "..\..\..\..\..\..\Development_OTP_System\MAC-OTP-System\Dev\R1.0\Website\MACServices\Billing\"
		Release.AspNetCompiler.TargetPath = "PrecompiledWeb\Billing\"
		Release.AspNetCompiler.Updateable = "true"
		Release.AspNetCompiler.ForceOverwrite = "true"
		Release.AspNetCompiler.FixedNames = "false"
		Release.AspNetCompiler.Debug = "False"
		SlnRelativePath = "..\..\..\..\..\..\Development_OTP_System\MAC-OTP-System\Dev\R1.0\Website\MACServices\Billing\"
	EndProjectSection
EndProject
Project("{FAE04EC0-301F-11D3-BF4B-00C04F79EFBC}") = "OperationalTest", "..\..\..\..\..\..\Development_OTP_System\MAC-OTP-System\Dev\R1.0\ConsoleApps\OperationalTest\OperationalTest.csproj", "{2CD4B1C8-57B8-4D61-BFDD-E56D99E6FFA4}"
EndProject
Project("{FAE04EC0-301F-11D3-BF4B-00C04F79EFBC}") = "MACOperationalTestLib", "..\..\..\..\..\..\Development_OTP_System\MAC-OTP-System\Dev\R1.0\Libraries\OperationalTest\MACOperationalTestLib\MACOperationalTestLib.csproj", "{402C06F9-3F9E-4E16-8DB7-6CD7EE017EE6}"
EndProject
Project("{FAE04EC0-301F-11D3-BF4B-00C04F79EFBC}") = "RegressionTest", "..\..\..\..\..\..\Development_OTP_System\MAC-OTP-System\Dev\R1.0\ConsoleApps\RegressionTest\RegressionTest.csproj", "{113A8BF3-2A21-4ECD-AEA3-96D0D164B709}"
EndProject
Project("{E24C65DC-7377-472B-9ABA-BC803B73C61A}") = "IIS", "http://localhost/Demos/IIS", "{B4589AD0-F484-49FA-964F-B7A9C19694CB}"
	ProjectSection(WebsiteProperties) = preProject
		SccProjectName = "SAK"
		SccAuxPath = "SAK"
		SccLocalPath = "SAK"
		SccProvider = "SAK"
		UseIISExpress = "false"
		TargetFrameworkMoniker = ".NETFramework,Version%3Dv4.5.1"
		Debug.AspNetCompiler.VirtualPath = "/IIS"
		Debug.AspNetCompiler.PhysicalPath = "..\..\..\..\..\..\Development_OTP_System\MAC-OTP-System\Dev\R1.0\ConsolidatedDemos\IIS\"
		Debug.AspNetCompiler.TargetPath = "PrecompiledWeb\IIS\"
		Debug.AspNetCompiler.Updateable = "true"
		Debug.AspNetCompiler.ForceOverwrite = "true"
		Debug.AspNetCompiler.FixedNames = "false"
		Debug.AspNetCompiler.Debug = "True"
		Release.AspNetCompiler.VirtualPath = "/IIS"
		Release.AspNetCompiler.PhysicalPath = "..\..\..\..\..\..\Development_OTP_System\MAC-OTP-System\Dev\R1.0\ConsolidatedDemos\IIS\"
		Release.AspNetCompiler.TargetPath = "PrecompiledWeb\IIS\"
		Release.AspNetCompiler.Updateable = "true"
		Release.AspNetCompiler.ForceOverwrite = "true"
		Release.AspNetCompiler.FixedNames = "false"
		Release.AspNetCompiler.Debug = "False"
		SlnRelativePath = "..\..\..\..\..\..\Development_OTP_System\MAC-OTP-System\Dev\R1.0\ConsolidatedDemos\IIS\"
	EndProjectSection
EndProject
Project("{E24C65DC-7377-472B-9ABA-BC803B73C61A}") = "PHP", "http://localhost/Demos/PHP", "{EBB58F4E-5F3E-4DC7-ADA8-9736EEBDC179}"
	ProjectSection(WebsiteProperties) = preProject
		SccProjectName = "SAK"
		SccAuxPath = "SAK"
		SccLocalPath = "SAK"
		SccProvider = "SAK"
		UseIISExpress = "false"
		TargetFrameworkMoniker = ".NETFramework,Version%3Dv2.0"
		Debug.AspNetCompiler.VirtualPath = "/PHP"
		Debug.AspNetCompiler.PhysicalPath = "..\..\..\..\..\..\Development_OTP_System\MAC-OTP-System\Dev\R1.0\ConsolidatedDemos\PHP\"
		Debug.AspNetCompiler.TargetPath = "PrecompiledWeb\PHP\"
		Debug.AspNetCompiler.Updateable = "true"
		Debug.AspNetCompiler.ForceOverwrite = "true"
		Debug.AspNetCompiler.FixedNames = "false"
		Debug.AspNetCompiler.Debug = "True"
		Release.AspNetCompiler.VirtualPath = "/PHP"
		Release.AspNetCompiler.PhysicalPath = "..\..\..\..\..\..\Development_OTP_System\MAC-OTP-System\Dev\R1.0\ConsolidatedDemos\PHP\"
		Release.AspNetCompiler.TargetPath = "PrecompiledWeb\PHP\"
		Release.AspNetCompiler.Updateable = "true"
		Release.AspNetCompiler.ForceOverwrite = "true"
		Release.AspNetCompiler.FixedNames = "false"
		Release.AspNetCompiler.Debug = "False"
		SlnRelativePath = "..\..\..\..\..\..\Development_OTP_System\MAC-OTP-System\Dev\R1.0\ConsolidatedDemos\PHP\"
	EndProjectSection
EndProject
Project("{E24C65DC-7377-472B-9ABA-BC803B73C61A}") = "Ops", "http://localhost/Ops", "{ABF47C92-F239-4336-94AF-7CE393F50BB3}"
	ProjectSection(WebsiteProperties) = preProject
		SccProjectName = "SAK"
		SccAuxPath = "SAK"
		SccLocalPath = "SAK"
		SccProvider = "SAK"
		UseIISExpress = "false"
		TargetFrameworkMoniker = ".NETFramework,Version%3Dv4.0"
		ProjectReferences = "{cd680504-d342-414b-bf56-40d325d45a6d}|MACConstants.dll;{5d982c49-0a44-4771-aac6-ca6be4b19eb3}|MACSecurity.dll;{059c466e-65f3-4d6f-bd60-b6fccc8ada0b}|TestLib.dll;{402c06f9-3f9e-4e16-8db7-6cd7ee017ee6}|MACOperationalTestLib.dll;{B3B3690A-987F-4ADE-B243-9A44068914C1}|MACServices.dll;{90BB8808-E091-463D-AAFD-5134183BDCF7}|MongoDB.Web.dll;"
		Debug.AspNetCompiler.VirtualPath = "/Ops"
		Debug.AspNetCompiler.PhysicalPath = "..\..\..\..\..\..\Development_OTP_System\MAC-OTP-System\Dev\R1.0\OperationalTestSite\"
		Debug.AspNetCompiler.TargetPath = "PrecompiledWeb\Ops\"
		Debug.AspNetCompiler.Updateable = "true"
		Debug.AspNetCompiler.ForceOverwrite = "true"
		Debug.AspNetCompiler.FixedNames = "false"
		Debug.AspNetCompiler.Debug = "True"
		Release.AspNetCompiler.VirtualPath = "/Ops"
		Release.AspNetCompiler.PhysicalPath = "..\..\..\..\..\..\Development_OTP_System\MAC-OTP-System\Dev\R1.0\OperationalTestSite\"
		Release.AspNetCompiler.TargetPath = "PrecompiledWeb\Ops\"
		Release.AspNetCompiler.Updateable = "true"
		Release.AspNetCompiler.ForceOverwrite = "true"
		Release.AspNetCompiler.FixedNames = "false"
		Release.AspNetCompiler.Debug = "False"
		SlnRelativePath = "..\..\..\..\..\..\Development_OTP_System\MAC-OTP-System\Dev\R1.0\OperationalTestSite\"
	EndProjectSection
EndProject
Global
	GlobalSection(TeamFoundationVersionControl) = preSolution
		SccNumberOfProjects = 22
		SccEnterpriseProvider = {4CA58AB2-18FA-4F8D-95D4-32DDF27D184C}
		SccTeamFoundationServer = http://corp.mobileauthcorp.com:8080/tfs/defaultcollection
		SccLocalPath0 = .
		SccProjectUniqueName1 = ..\\..\\..\\..\\..\\..\\Development_OTP_System\\MAC-OTP-System\\Dev\\R1.0\\Libraries\\CoreDomain\\MACServices.csproj
		SccProjectName1 = ../CoreDomain
		SccLocalPath1 = ..\\..\\..\\..\\..\\..\\Development_OTP_System\\MAC-OTP-System\\Dev\\R1.0\\Libraries\\CoreDomain
		SccProjectUniqueName2 = ..\\..\\..\\..\\..\\..\\Development_OTP_System\\MAC-OTP-System\\Dev\\R1.0\\Libraries\\MACSecurity\\MACSecurity.csproj
		SccProjectName2 = ../MACSecurity
		SccLocalPath2 = ..\\..\\..\\..\\..\\..\\Development_OTP_System\\MAC-OTP-System\\Dev\\R1.0\\Libraries\\MACSecurity
		SccProjectUniqueName3 = ..\\..\\..\\..\\..\\..\\Development_OTP_System\\MAC-OTP-System\\Dev\\R1.0\\Libraries\\MACConstants\\MACConstants\\MACConstants.csproj
		SccProjectName3 = ../MACConstants/MACConstants
		SccLocalPath3 = ..\\..\\..\\..\\..\\..\\Development_OTP_System\\MAC-OTP-System\\Dev\\R1.0\\Libraries\\MACConstants\\MACConstants
		SccProjectUniqueName4 = ..\\..\\..\\..\\..\\..\\Development_OTP_System\\MAC-OTP-System\\Dev\\R1.0\\Libraries\\MACBilling\\MACBilling\\MACBilling.csproj
		SccProjectName4 = ../MACBilling/MACBilling
		SccLocalPath4 = ..\\..\\..\\..\\..\\..\\Development_OTP_System\\MAC-OTP-System\\Dev\\R1.0\\Libraries\\MACBilling\\MACBilling
		SccProjectUniqueName5 = ..\\..\\..\\..\\..\\..\\Development_OTP_System\\MAC-OTP-System\\Dev\\R1.0\\Libraries\\Providers\\MACOTP\\MACOTP.csproj
		SccProjectName5 = ../Providers/MACOTP
		SccLocalPath5 = ..\\..\\..\\..\\..\\..\\Development_OTP_System\\MAC-OTP-System\\Dev\\R1.0\\Libraries\\Providers\\MACOTP
		SccProjectUniqueName6 = ..\\..\\..\\..\\..\\..\\Development_OTP_System\\MAC-OTP-System\\Dev\\R1.0\\Libraries\\Providers\\MACRegistration\\MACRegistration.csproj
		SccProjectName6 = ../Providers/MACRegistration
		SccLocalPath6 = ..\\..\\..\\..\\..\\..\\Development_OTP_System\\MAC-OTP-System\\Dev\\R1.0\\Libraries\\Providers\\MACRegistration
		SccProjectUniqueName7 = ..\\..\\..\\..\\..\\..\\Development_OTP_System\\MAC-OTP-System\\Dev\\R1.0\\Libraries\\TestLib\\TestLib\\TestLib.csproj
		SccProjectName7 = ../TestLib/TestLib
		SccLocalPath7 = ..\\..\\..\\..\\..\\..\\Development_OTP_System\\MAC-OTP-System\\Dev\\R1.0\\Libraries\\TestLib\\TestLib
		SccProjectUniqueName8 = ..\\..\\..\\..\\..\\..\\Development_OTP_System\\MAC-OTP-System\\Dev\\R1.0\\Libraries\\Providers\\Data\\MongoDB\\MongoDB.Web.csproj
		SccProjectName8 = ../Providers/Data/MongoDB
		SccLocalPath8 = ..\\..\\..\\..\\..\\..\\Development_OTP_System\\MAC-OTP-System\\Dev\\R1.0\\Libraries\\Providers\\Data\\MongoDB
		SccWebProject9 = true
		SccProjectUniqueName9 = http://localhost
		SccProjectName9 = ../../Website
		SccLocalPath9 = ..\\..\\..\\..\\..\\..\\Development_OTP_System\\MAC-OTP-System\\Dev\\R1.0\\Website
		SccProjectEnlistmentChoice9 = 2
		SccWebProject10 = true
		SccProjectUniqueName10 = http://localhost/MACServices/AdminServices
		SccProjectName10 = ../../Website/MACServices/AdminServices
		SccLocalPath10 = ..\\..\\..\\..\\..\\..\\Development_OTP_System\\MAC-OTP-System\\Dev\\R1.0\\Website\\MACServices\\AdminServices
		SccProjectEnlistmentChoice10 = 2
		SccWebProject11 = true
		SccProjectUniqueName11 = http://localhost/MACServices/Event
		SccProjectName11 = ../../Website/MACServices/Event
		SccLocalPath11 = ..\\..\\..\\..\\..\\..\\Development_OTP_System\\MAC-OTP-System\\Dev\\R1.0\\Website\\MACServices\\Event
		SccProjectEnlistmentChoice11 = 2
		SccWebProject12 = true
		SccProjectUniqueName12 = http://localhost/MACServices/OAS
		SccProjectName12 = ../../Website/MACServices/OAS
		SccLocalPath12 = ..\\..\\..\\..\\..\\..\\Development_OTP_System\\MAC-OTP-System\\Dev\\R1.0\\Website\\MACServices\\OAS
		SccProjectEnlistmentChoice12 = 2
		SccWebProject13 = true
		SccProjectUniqueName13 = http://localhost/MACServices/OTP
		SccProjectName13 = ../../Website/MACServices/OTP
		SccLocalPath13 = ..\\..\\..\\..\\..\\..\\Development_OTP_System\\MAC-OTP-System\\Dev\\R1.0\\Website\\MACServices\\OTP
		SccProjectEnlistmentChoice13 = 2
		SccWebProject14 = true
		SccProjectUniqueName14 = http://localhost/MACServices/Test
		SccProjectName14 = ../../Website/MACServices/Test
		SccLocalPath14 = ..\\..\\..\\..\\..\\..\\Development_OTP_System\\MAC-OTP-System\\Dev\\R1.0\\Website\\MACServices\\Test
		SccProjectEnlistmentChoice14 = 2
		SccWebProject15 = true
		SccProjectUniqueName15 = http://localhost/MACServices/User
		SccProjectName15 = ../../Website/MACServices/User
		SccLocalPath15 = ..\\..\\..\\..\\..\\..\\Development_OTP_System\\MAC-OTP-System\\Dev\\R1.0\\Website\\MACServices\\User
		SccProjectEnlistmentChoice15 = 2
		SccWebProject16 = true
		SccProjectUniqueName16 = http://localhost/MACServices/Billing
		SccProjectName16 = ../../Website/MACServices/Billing
		SccLocalPath16 = ..\\..\\..\\..\\..\\..\\Development_OTP_System\\MAC-OTP-System\\Dev\\R1.0\\Website\\MACServices\\Billing
		SccProjectEnlistmentChoice16 = 2
		SccProjectUniqueName17 = ..\\..\\..\\..\\..\\..\\Development_OTP_System\\MAC-OTP-System\\Dev\\R1.0\\ConsoleApps\\OperationalTest\\OperationalTest.csproj
		SccProjectName17 = ../../ConsoleApps/OperationalTest
		SccLocalPath17 = ..\\..\\..\\..\\..\\..\\Development_OTP_System\\MAC-OTP-System\\Dev\\R1.0\\ConsoleApps\\OperationalTest
		SccProjectUniqueName18 = ..\\..\\..\\..\\..\\..\\Development_OTP_System\\MAC-OTP-System\\Dev\\R1.0\\Libraries\\OperationalTest\\MACOperationalTestLib\\MACOperationalTestLib.csproj
		SccProjectName18 = ../OperationalTest/MACOperationalTestLib
		SccLocalPath18 = ..\\..\\..\\..\\..\\..\\Development_OTP_System\\MAC-OTP-System\\Dev\\R1.0\\Libraries\\OperationalTest\\MACOperationalTestLib
		SccProjectUniqueName19 = ..\\..\\..\\..\\..\\..\\Development_OTP_System\\MAC-OTP-System\\Dev\\R1.0\\ConsoleApps\\RegressionTest\\RegressionTest.csproj
		SccProjectName19 = ../../ConsoleApps/RegressionTest
		SccLocalPath19 = ..\\..\\..\\..\\..\\..\\Development_OTP_System\\MAC-OTP-System\\Dev\\R1.0\\ConsoleApps\\RegressionTest
		SccWebProject20 = true
		SccProjectUniqueName20 = http://localhost/Demos/IIS
		SccProjectName20 = ../../ConsolidatedDemos/IIS
		SccLocalPath20 = ..\\..\\..\\..\\..\\..\\Development_OTP_System\\MAC-OTP-System\\Dev\\R1.0\\ConsolidatedDemos\\IIS
		SccProjectEnlistmentChoice20 = 2
		SccWebProject21 = true
		SccProjectUniqueName21 = http://localhost/Ops
		SccProjectName21 = ../../OperationalTestSite
		SccLocalPath21 = ..\\..\\..\\..\\..\\..\\Development_OTP_System\\MAC-OTP-System\\Dev\\R1.0\\OperationalTestSite
		SccProjectEnlistmentChoice21 = 2
	EndGlobalSection
	GlobalSection(SolutionConfigurationPlatforms) = preSolution
		Debug|Any CPU = Debug|Any CPU
		Release|Any CPU = Release|Any CPU
	EndGlobalSection
	GlobalSection(ProjectConfigurationPlatforms) = postSolution
		{A9D05B56-D3C8-43B7-B6B1-91BFF2336C99}.Debug|Any CPU.ActiveCfg = Debug|Any CPU
		{A9D05B56-D3C8-43B7-B6B1-91BFF2336C99}.Debug|Any CPU.Build.0 = Debug|Any CPU
		{A9D05B56-D3C8-43B7-B6B1-91BFF2336C99}.Release|Any CPU.ActiveCfg = Debug|Any CPU
		{A9D05B56-D3C8-43B7-B6B1-91BFF2336C99}.Release|Any CPU.Build.0 = Debug|Any CPU
		{AA43DC39-47C1-4C60-A572-F42361F8EF08}.Debug|Any CPU.ActiveCfg = Debug|Any CPU
		{AA43DC39-47C1-4C60-A572-F42361F8EF08}.Debug|Any CPU.Build.0 = Debug|Any CPU
		{AA43DC39-47C1-4C60-A572-F42361F8EF08}.Release|Any CPU.ActiveCfg = Debug|Any CPU
		{AA43DC39-47C1-4C60-A572-F42361F8EF08}.Release|Any CPU.Build.0 = Debug|Any CPU
		{018FBD2F-2710-443D-B4DB-52099FC98A32}.Debug|Any CPU.ActiveCfg = Debug|Any CPU
		{018FBD2F-2710-443D-B4DB-52099FC98A32}.Debug|Any CPU.Build.0 = Debug|Any CPU
		{018FBD2F-2710-443D-B4DB-52099FC98A32}.Release|Any CPU.ActiveCfg = Debug|Any CPU
		{018FBD2F-2710-443D-B4DB-52099FC98A32}.Release|Any CPU.Build.0 = Debug|Any CPU
		{8716385C-FDA3-4206-B822-7A24E548A0C4}.Debug|Any CPU.ActiveCfg = Debug|Any CPU
		{8716385C-FDA3-4206-B822-7A24E548A0C4}.Debug|Any CPU.Build.0 = Debug|Any CPU
		{8716385C-FDA3-4206-B822-7A24E548A0C4}.Release|Any CPU.ActiveCfg = Debug|Any CPU
		{8716385C-FDA3-4206-B822-7A24E548A0C4}.Release|Any CPU.Build.0 = Debug|Any CPU
		{36911B52-52D5-452A-8BE4-2EBA8FE43BE1}.Debug|Any CPU.ActiveCfg = Debug|Any CPU
		{36911B52-52D5-452A-8BE4-2EBA8FE43BE1}.Debug|Any CPU.Build.0 = Debug|Any CPU
		{36911B52-52D5-452A-8BE4-2EBA8FE43BE1}.Release|Any CPU.ActiveCfg = Debug|Any CPU
		{36911B52-52D5-452A-8BE4-2EBA8FE43BE1}.Release|Any CPU.Build.0 = Debug|Any CPU
		{D8FB9AA9-C22E-41D2-A9E1-0EC89F2F62F7}.Debug|Any CPU.ActiveCfg = Debug|Any CPU
		{D8FB9AA9-C22E-41D2-A9E1-0EC89F2F62F7}.Debug|Any CPU.Build.0 = Debug|Any CPU
		{D8FB9AA9-C22E-41D2-A9E1-0EC89F2F62F7}.Release|Any CPU.ActiveCfg = Debug|Any CPU
		{D8FB9AA9-C22E-41D2-A9E1-0EC89F2F62F7}.Release|Any CPU.Build.0 = Debug|Any CPU
		{B3B3690A-987F-4ADE-B243-9A44068914C1}.Debug|Any CPU.ActiveCfg = Debug|Any CPU
		{B3B3690A-987F-4ADE-B243-9A44068914C1}.Debug|Any CPU.Build.0 = Debug|Any CPU
		{B3B3690A-987F-4ADE-B243-9A44068914C1}.Release|Any CPU.ActiveCfg = Release|Any CPU
		{B3B3690A-987F-4ADE-B243-9A44068914C1}.Release|Any CPU.Build.0 = Release|Any CPU
		{5D982C49-0A44-4771-AAC6-CA6BE4B19EB3}.Debug|Any CPU.ActiveCfg = Debug|Any CPU
		{5D982C49-0A44-4771-AAC6-CA6BE4B19EB3}.Debug|Any CPU.Build.0 = Debug|Any CPU
		{5D982C49-0A44-4771-AAC6-CA6BE4B19EB3}.Release|Any CPU.ActiveCfg = Release|Any CPU
		{5D982C49-0A44-4771-AAC6-CA6BE4B19EB3}.Release|Any CPU.Build.0 = Release|Any CPU
		{CD680504-D342-414B-BF56-40D325D45A6D}.Debug|Any CPU.ActiveCfg = Debug|Any CPU
		{CD680504-D342-414B-BF56-40D325D45A6D}.Debug|Any CPU.Build.0 = Debug|Any CPU
		{CD680504-D342-414B-BF56-40D325D45A6D}.Release|Any CPU.ActiveCfg = Release|Any CPU
		{CD680504-D342-414B-BF56-40D325D45A6D}.Release|Any CPU.Build.0 = Release|Any CPU
		{691E520A-FB93-4BD4-8419-AC9C07073C62}.Debug|Any CPU.ActiveCfg = Debug|Any CPU
		{691E520A-FB93-4BD4-8419-AC9C07073C62}.Debug|Any CPU.Build.0 = Debug|Any CPU
		{691E520A-FB93-4BD4-8419-AC9C07073C62}.Release|Any CPU.ActiveCfg = Release|Any CPU
		{691E520A-FB93-4BD4-8419-AC9C07073C62}.Release|Any CPU.Build.0 = Release|Any CPU
		{8492D708-059A-4BC3-A700-F643266CB5EC}.Debug|Any CPU.ActiveCfg = Debug|Any CPU
		{8492D708-059A-4BC3-A700-F643266CB5EC}.Debug|Any CPU.Build.0 = Debug|Any CPU
		{8492D708-059A-4BC3-A700-F643266CB5EC}.Release|Any CPU.ActiveCfg = Release|Any CPU
		{8492D708-059A-4BC3-A700-F643266CB5EC}.Release|Any CPU.Build.0 = Release|Any CPU
		{DFB499A6-2457-47C2-895F-DCDF4218B10B}.Debug|Any CPU.ActiveCfg = Debug|Any CPU
		{DFB499A6-2457-47C2-895F-DCDF4218B10B}.Debug|Any CPU.Build.0 = Debug|Any CPU
		{DFB499A6-2457-47C2-895F-DCDF4218B10B}.Release|Any CPU.ActiveCfg = Release|Any CPU
		{DFB499A6-2457-47C2-895F-DCDF4218B10B}.Release|Any CPU.Build.0 = Release|Any CPU
		{059C466E-65F3-4D6F-BD60-B6FCCC8ADA0B}.Debug|Any CPU.ActiveCfg = Debug|Any CPU
		{059C466E-65F3-4D6F-BD60-B6FCCC8ADA0B}.Debug|Any CPU.Build.0 = Debug|Any CPU
		{059C466E-65F3-4D6F-BD60-B6FCCC8ADA0B}.Release|Any CPU.ActiveCfg = Release|Any CPU
		{059C466E-65F3-4D6F-BD60-B6FCCC8ADA0B}.Release|Any CPU.Build.0 = Release|Any CPU
		{4749DF2E-F2D0-4C5A-9AD5-4B4CC6D57D52}.Debug|Any CPU.ActiveCfg = Debug|Any CPU
		{4749DF2E-F2D0-4C5A-9AD5-4B4CC6D57D52}.Debug|Any CPU.Build.0 = Debug|Any CPU
		{4749DF2E-F2D0-4C5A-9AD5-4B4CC6D57D52}.Release|Any CPU.ActiveCfg = Debug|Any CPU
		{4749DF2E-F2D0-4C5A-9AD5-4B4CC6D57D52}.Release|Any CPU.Build.0 = Debug|Any CPU
		{90BB8808-E091-463D-AAFD-5134183BDCF7}.Debug|Any CPU.ActiveCfg = Debug|Any CPU
		{90BB8808-E091-463D-AAFD-5134183BDCF7}.Debug|Any CPU.Build.0 = Debug|Any CPU
		{90BB8808-E091-463D-AAFD-5134183BDCF7}.Release|Any CPU.ActiveCfg = Release|Any CPU
		{90BB8808-E091-463D-AAFD-5134183BDCF7}.Release|Any CPU.Build.0 = Release|Any CPU
		{439AA39C-074D-49EE-B23C-5E601FDC4452}.Debug|Any CPU.ActiveCfg = Debug|Any CPU
		{439AA39C-074D-49EE-B23C-5E601FDC4452}.Debug|Any CPU.Build.0 = Debug|Any CPU
		{439AA39C-074D-49EE-B23C-5E601FDC4452}.Release|Any CPU.ActiveCfg = Debug|Any CPU
		{439AA39C-074D-49EE-B23C-5E601FDC4452}.Release|Any CPU.Build.0 = Debug|Any CPU
		{2CD4B1C8-57B8-4D61-BFDD-E56D99E6FFA4}.Debug|Any CPU.ActiveCfg = Debug|Any CPU
		{2CD4B1C8-57B8-4D61-BFDD-E56D99E6FFA4}.Debug|Any CPU.Build.0 = Debug|Any CPU
		{2CD4B1C8-57B8-4D61-BFDD-E56D99E6FFA4}.Release|Any CPU.ActiveCfg = Release|Any CPU
		{2CD4B1C8-57B8-4D61-BFDD-E56D99E6FFA4}.Release|Any CPU.Build.0 = Release|Any CPU
		{402C06F9-3F9E-4E16-8DB7-6CD7EE017EE6}.Debug|Any CPU.ActiveCfg = Debug|Any CPU
		{402C06F9-3F9E-4E16-8DB7-6CD7EE017EE6}.Debug|Any CPU.Build.0 = Debug|Any CPU
		{402C06F9-3F9E-4E16-8DB7-6CD7EE017EE6}.Release|Any CPU.ActiveCfg = Release|Any CPU
		{402C06F9-3F9E-4E16-8DB7-6CD7EE017EE6}.Release|Any CPU.Build.0 = Release|Any CPU
		{113A8BF3-2A21-4ECD-AEA3-96D0D164B709}.Debug|Any CPU.ActiveCfg = Debug|Any CPU
		{113A8BF3-2A21-4ECD-AEA3-96D0D164B709}.Debug|Any CPU.Build.0 = Debug|Any CPU
		{113A8BF3-2A21-4ECD-AEA3-96D0D164B709}.Release|Any CPU.ActiveCfg = Release|Any CPU
		{113A8BF3-2A21-4ECD-AEA3-96D0D164B709}.Release|Any CPU.Build.0 = Release|Any CPU
		{B4589AD0-F484-49FA-964F-B7A9C19694CB}.Debug|Any CPU.ActiveCfg = Debug|Any CPU
		{B4589AD0-F484-49FA-964F-B7A9C19694CB}.Debug|Any CPU.Build.0 = Debug|Any CPU
		{B4589AD0-F484-49FA-964F-B7A9C19694CB}.Release|Any CPU.ActiveCfg = Debug|Any CPU
		{B4589AD0-F484-49FA-964F-B7A9C19694CB}.Release|Any CPU.Build.0 = Debug|Any CPU
		{EBB58F4E-5F3E-4DC7-ADA8-9736EEBDC179}.Debug|Any CPU.ActiveCfg = Debug|Any CPU
		{EBB58F4E-5F3E-4DC7-ADA8-9736EEBDC179}.Debug|Any CPU.Build.0 = Debug|Any CPU
		{EBB58F4E-5F3E-4DC7-ADA8-9736EEBDC179}.Release|Any CPU.ActiveCfg = Debug|Any CPU
		{EBB58F4E-5F3E-4DC7-ADA8-9736EEBDC179}.Release|Any CPU.Build.0 = Debug|Any CPU
		{ABF47C92-F239-4336-94AF-7CE393F50BB3}.Debug|Any CPU.ActiveCfg = Debug|Any CPU
		{ABF47C92-F239-4336-94AF-7CE393F50BB3}.Debug|Any CPU.Build.0 = Debug|Any CPU
		{ABF47C92-F239-4336-94AF-7CE393F50BB3}.Release|Any CPU.ActiveCfg = Debug|Any CPU
		{ABF47C92-F239-4336-94AF-7CE393F50BB3}.Release|Any CPU.Build.0 = Debug|Any CPU
	EndGlobalSection
	GlobalSection(SolutionProperties) = preSolution
		HideSolutionNode = FALSE
	EndGlobalSection
EndGlobal
